{
  "version": 4,
  "terraform_version": "0.14.8",
  "serial": 8652,
  "lineage": "c6d5caa5-fedd-1457-0e61-447f688b2523",
  "outputs": {},
  "resources": [
    {
      "mode": "data",
      "type": "openstack_networking_network_v2",
      "name": "external_network",
      "provider": "provider[\"registry.terraform.io/terraform-provider-openstack/openstack\"]",
      "instances": [
        {
          "schema_version": 0,
          "attributes": {
            "admin_state_up": "true",
            "all_tags": [],
            "availability_zone_hints": [],
            "description": "",
            "dns_domain": "",
            "external": true,
            "id": "b1d68e5d-1be9-4d04-a5fa-b5c63a1f84a3",
            "matching_subnet_cidr": null,
            "mtu": 8950,
            "name": "external-floating-ips",
            "network_id": null,
            "region": "us-east-1",
            "shared": "false",
            "status": null,
            "tags": null,
            "tenant_id": "5a0c9aef4b974f8c926979554803c21f",
            "transparent_vlan": false
          },
          "sensitive_attributes": []
        }
      ]
    },
    {
      "mode": "data",
      "type": "template_file",
      "name": "cloud-config-master",
      "provider": "provider[\"registry.terraform.io/hashicorp/template\"]",
      "instances": [
        {
          "schema_version": 0,
          "attributes": {
            "filename": null,
            "id": "073e11af9e0e9afbdec0cf85754aab3c74e09c80b5db487f2717cf518d52062e",
            "rendered": "#cloud-config\ngroups:\n  - docker\n\nusers:\n- default\n- name: hpe\n  lock_passwd: true\n  shell: /bin/bash\n  ssh-authorized-keys:\n    - ssh-rsa AAAAB3NzaC1yc2EAAAADAQABAAABgQC11H3wGDtehwiI/8CLlcMDGT18ll9JxoZDAVfPRufC2Rs1FlojVQ86NzELSrXrr0nu32BAjuLKYb9fpY9IJsiCIIrzpw6h/I/AamrbQpzIvkF3szwnGqUVa3E6kZC9i7FqynTHvcABVLrREwwdT91zCYRpE4+JC6FycRhQh+/A/nk8+GRUDV5lYaIap+q5Smzd1pw3S3x8rQjnzINsXhyGkE+9MPk5clm0rZX+uLSPtjw9UuKRPALctXLHZwDk/lVaaTEeNj6WC9SjeZwBbb3hUrP6MvRUkqD58HWBoDJhC2kr3uq1nWOyKZOA8wMYNkBCrHQ3Pv5NKOoSEgUzZBQ2XLrCnAP+KhfgjzAzUibVP0GEmC50M0iLdsmIrUCyOkW64vlWr3jvf///kLbMRewuKvdzbu1VxAEcRKICTNiWBGnj7rGV6n0XwnzNJgqDxb/+Tj0T660fuzHIcpYh5zDCn01kjv/ClW1xZfgeSaXN86CoIDmy68v2n47avdGCRcU= jaideepjoshi@Jaideeps-MacBook-Pro-2.local\n\n  groups: [docker]\n  sudo: [\"ALL=(ALL) NOPASSWD:ALL\"]\n\n\npackages:\n  - apt-transport-https\n  - ca-certificates\n  - curl\n  - gnupg-agent\n  - software-properties-common\n\nruncmd:\n  - curl -fsSL https://download.docker.com/linux/ubuntu/gpg | apt-key add -\n  - add-apt-repository \"deb [arch=amd64] https://download.docker.com/linux/ubuntu $(lsb_release -cs) stable\"\n  - apt-get update -y\n  - apt-get install -y docker-ce docker-ce-cli containerd.io\n  - systemctl enable docker --now\n\n\nfinal_message: \"The system is finally up, after $UPTIME seconds\"",
            "template": "#cloud-config\ngroups:\n  - docker\n\nusers:\n- default\n- name: hpe\n  lock_passwd: true\n  shell: /bin/bash\n  ssh-authorized-keys:\n    - ${ssh_public_key}\n  groups: [docker]\n  sudo: [\"ALL=(ALL) NOPASSWD:ALL\"]\n\n\npackages:\n  - apt-transport-https\n  - ca-certificates\n  - curl\n  - gnupg-agent\n  - software-properties-common\n\nruncmd:\n  - curl -fsSL https://download.docker.com/linux/ubuntu/gpg | apt-key add -\n  - add-apt-repository \"deb [arch=amd64] https://download.docker.com/linux/ubuntu $(lsb_release -cs) stable\"\n  - apt-get update -y\n  - apt-get install -y docker-ce docker-ce-cli containerd.io\n  - systemctl enable docker --now\n\n\nfinal_message: \"The system is finally up, after $UPTIME seconds\"",
            "vars": {
              "ssh_public_key": "ssh-rsa AAAAB3NzaC1yc2EAAAADAQABAAABgQC11H3wGDtehwiI/8CLlcMDGT18ll9JxoZDAVfPRufC2Rs1FlojVQ86NzELSrXrr0nu32BAjuLKYb9fpY9IJsiCIIrzpw6h/I/AamrbQpzIvkF3szwnGqUVa3E6kZC9i7FqynTHvcABVLrREwwdT91zCYRpE4+JC6FycRhQh+/A/nk8+GRUDV5lYaIap+q5Smzd1pw3S3x8rQjnzINsXhyGkE+9MPk5clm0rZX+uLSPtjw9UuKRPALctXLHZwDk/lVaaTEeNj6WC9SjeZwBbb3hUrP6MvRUkqD58HWBoDJhC2kr3uq1nWOyKZOA8wMYNkBCrHQ3Pv5NKOoSEgUzZBQ2XLrCnAP+KhfgjzAzUibVP0GEmC50M0iLdsmIrUCyOkW64vlWr3jvf///kLbMRewuKvdzbu1VxAEcRKICTNiWBGnj7rGV6n0XwnzNJgqDxb/+Tj0T660fuzHIcpYh5zDCn01kjv/ClW1xZfgeSaXN86CoIDmy68v2n47avdGCRcU= jaideepjoshi@Jaideeps-MacBook-Pro-2.local\n"
            }
          },
          "sensitive_attributes": []
        }
      ]
    },
    {
      "mode": "data",
      "type": "template_file",
      "name": "cloud-config-server",
      "provider": "provider[\"registry.terraform.io/hashicorp/template\"]",
      "instances": [
        {
          "schema_version": 0,
          "attributes": {
            "filename": null,
            "id": "ae12bfe436d6680c11e45bc6bb3b1eef4fa879eb988f85a88050959a8ffb0eb3",
            "rendered": "#cloud-config\ngroups:\n  - docker\n\nusers:\n- default\n- name: hpe\n  lock_passwd: true\n  shell: /bin/bash\n  ssh-authorized-keys:\n    - ssh-rsa AAAAB3NzaC1yc2EAAAADAQABAAABgQC11H3wGDtehwiI/8CLlcMDGT18ll9JxoZDAVfPRufC2Rs1FlojVQ86NzELSrXrr0nu32BAjuLKYb9fpY9IJsiCIIrzpw6h/I/AamrbQpzIvkF3szwnGqUVa3E6kZC9i7FqynTHvcABVLrREwwdT91zCYRpE4+JC6FycRhQh+/A/nk8+GRUDV5lYaIap+q5Smzd1pw3S3x8rQjnzINsXhyGkE+9MPk5clm0rZX+uLSPtjw9UuKRPALctXLHZwDk/lVaaTEeNj6WC9SjeZwBbb3hUrP6MvRUkqD58HWBoDJhC2kr3uq1nWOyKZOA8wMYNkBCrHQ3Pv5NKOoSEgUzZBQ2XLrCnAP+KhfgjzAzUibVP0GEmC50M0iLdsmIrUCyOkW64vlWr3jvf///kLbMRewuKvdzbu1VxAEcRKICTNiWBGnj7rGV6n0XwnzNJgqDxb/+Tj0T660fuzHIcpYh5zDCn01kjv/ClW1xZfgeSaXN86CoIDmy68v2n47avdGCRcU= jaideepjoshi@Jaideeps-MacBook-Pro-2.local\n\n  groups: [docker]\n  sudo: [\"ALL=(ALL) NOPASSWD:ALL\"]\n\n\npackages:\n  - apt-transport-https\n  - ca-certificates\n  - curl\n  - gnupg-agent\n  - software-properties-common\n\nwrite_files:\n- content: |-\n    [Unit]\n    Description=Ezmeral as a service\n    Requires=docker.service\n    After=docker.service\n\n    [Service]\n    Restart=on-failure\n    RestartSec=10\n    ExecStart=/usr/bin/docker run \n    ExecStop=-/usr/bin/docker stop -t 2 %p\n\n    [Install]\n    WantedBy=multi-user.target\n  owner: root:root\n  path: /etc/systemd/system/ezmeral.service\n  permissions: '0644'\n\n\nruncmd:\n  - curl -fsSL https://download.docker.com/linux/ubuntu/gpg | apt-key add -\n  - add-apt-repository \"deb [arch=amd64] https://download.docker.com/linux/ubuntu $(lsb_release -cs) stable\"\n  - apt-get update -y\n  - apt-get install -y docker-ce docker-ce-cli containerd.io\n  - systemctl daemon-reload\n  - systemctl enable docker --now\n  - systemctl enable ezmeral --now\n  - mkdir /jaideep\n  - sudo yum -y -q install nfs-utils\n  - sudo mkdir /nfsroot\n\nfinal_message: \"The system is finally up, after $UPTIME seconds\"\n",
            "template": "#cloud-config\ngroups:\n  - docker\n\nusers:\n- default\n- name: hpe\n  lock_passwd: true\n  shell: /bin/bash\n  ssh-authorized-keys:\n    - ${ssh_public_key}\n  groups: [docker]\n  sudo: [\"ALL=(ALL) NOPASSWD:ALL\"]\n\n\npackages:\n  - apt-transport-https\n  - ca-certificates\n  - curl\n  - gnupg-agent\n  - software-properties-common\n\nwrite_files:\n- content: |-\n    [Unit]\n    Description=Ezmeral as a service\n    Requires=docker.service\n    After=docker.service\n\n    [Service]\n    Restart=on-failure\n    RestartSec=10\n    ExecStart=/usr/bin/docker run \n    ExecStop=-/usr/bin/docker stop -t 2 %p\n\n    [Install]\n    WantedBy=multi-user.target\n  owner: root:root\n  path: /etc/systemd/system/ezmeral.service\n  permissions: '0644'\n\n\nruncmd:\n  - curl -fsSL https://download.docker.com/linux/ubuntu/gpg | apt-key add -\n  - add-apt-repository \"deb [arch=amd64] https://download.docker.com/linux/ubuntu $(lsb_release -cs) stable\"\n  - apt-get update -y\n  - apt-get install -y docker-ce docker-ce-cli containerd.io\n  - systemctl daemon-reload\n  - systemctl enable docker --now\n  - systemctl enable ezmeral --now\n  - mkdir /jaideep\n  - sudo yum -y -q install nfs-utils\n  - sudo mkdir /nfsroot\n\nfinal_message: \"The system is finally up, after $UPTIME seconds\"\n",
            "vars": {
              "ssh_public_key": "ssh-rsa AAAAB3NzaC1yc2EAAAADAQABAAABgQC11H3wGDtehwiI/8CLlcMDGT18ll9JxoZDAVfPRufC2Rs1FlojVQ86NzELSrXrr0nu32BAjuLKYb9fpY9IJsiCIIrzpw6h/I/AamrbQpzIvkF3szwnGqUVa3E6kZC9i7FqynTHvcABVLrREwwdT91zCYRpE4+JC6FycRhQh+/A/nk8+GRUDV5lYaIap+q5Smzd1pw3S3x8rQjnzINsXhyGkE+9MPk5clm0rZX+uLSPtjw9UuKRPALctXLHZwDk/lVaaTEeNj6WC9SjeZwBbb3hUrP6MvRUkqD58HWBoDJhC2kr3uq1nWOyKZOA8wMYNkBCrHQ3Pv5NKOoSEgUzZBQ2XLrCnAP+KhfgjzAzUibVP0GEmC50M0iLdsmIrUCyOkW64vlWr3jvf///kLbMRewuKvdzbu1VxAEcRKICTNiWBGnj7rGV6n0XwnzNJgqDxb/+Tj0T660fuzHIcpYh5zDCn01kjv/ClW1xZfgeSaXN86CoIDmy68v2n47avdGCRcU= jaideepjoshi@Jaideeps-MacBook-Pro-2.local\n"
            }
          },
          "sensitive_attributes": []
        }
      ]
    },
    {
      "mode": "data",
      "type": "template_file",
      "name": "cloud-config-worker",
      "provider": "provider[\"registry.terraform.io/hashicorp/template\"]",
      "instances": [
        {
          "schema_version": 0,
          "attributes": {
            "filename": null,
            "id": "073e11af9e0e9afbdec0cf85754aab3c74e09c80b5db487f2717cf518d52062e",
            "rendered": "#cloud-config\ngroups:\n  - docker\n\nusers:\n- default\n- name: hpe\n  lock_passwd: true\n  shell: /bin/bash\n  ssh-authorized-keys:\n    - ssh-rsa AAAAB3NzaC1yc2EAAAADAQABAAABgQC11H3wGDtehwiI/8CLlcMDGT18ll9JxoZDAVfPRufC2Rs1FlojVQ86NzELSrXrr0nu32BAjuLKYb9fpY9IJsiCIIrzpw6h/I/AamrbQpzIvkF3szwnGqUVa3E6kZC9i7FqynTHvcABVLrREwwdT91zCYRpE4+JC6FycRhQh+/A/nk8+GRUDV5lYaIap+q5Smzd1pw3S3x8rQjnzINsXhyGkE+9MPk5clm0rZX+uLSPtjw9UuKRPALctXLHZwDk/lVaaTEeNj6WC9SjeZwBbb3hUrP6MvRUkqD58HWBoDJhC2kr3uq1nWOyKZOA8wMYNkBCrHQ3Pv5NKOoSEgUzZBQ2XLrCnAP+KhfgjzAzUibVP0GEmC50M0iLdsmIrUCyOkW64vlWr3jvf///kLbMRewuKvdzbu1VxAEcRKICTNiWBGnj7rGV6n0XwnzNJgqDxb/+Tj0T660fuzHIcpYh5zDCn01kjv/ClW1xZfgeSaXN86CoIDmy68v2n47avdGCRcU= jaideepjoshi@Jaideeps-MacBook-Pro-2.local\n\n  groups: [docker]\n  sudo: [\"ALL=(ALL) NOPASSWD:ALL\"]\n\n\npackages:\n  - apt-transport-https\n  - ca-certificates\n  - curl\n  - gnupg-agent\n  - software-properties-common\n\nruncmd:\n  - curl -fsSL https://download.docker.com/linux/ubuntu/gpg | apt-key add -\n  - add-apt-repository \"deb [arch=amd64] https://download.docker.com/linux/ubuntu $(lsb_release -cs) stable\"\n  - apt-get update -y\n  - apt-get install -y docker-ce docker-ce-cli containerd.io\n  - systemctl enable docker --now\n\n\nfinal_message: \"The system is finally up, after $UPTIME seconds\"",
            "template": "#cloud-config\ngroups:\n  - docker\n\nusers:\n- default\n- name: hpe\n  lock_passwd: true\n  shell: /bin/bash\n  ssh-authorized-keys:\n    - ${ssh_public_key}\n  groups: [docker]\n  sudo: [\"ALL=(ALL) NOPASSWD:ALL\"]\n\n\npackages:\n  - apt-transport-https\n  - ca-certificates\n  - curl\n  - gnupg-agent\n  - software-properties-common\n\nruncmd:\n  - curl -fsSL https://download.docker.com/linux/ubuntu/gpg | apt-key add -\n  - add-apt-repository \"deb [arch=amd64] https://download.docker.com/linux/ubuntu $(lsb_release -cs) stable\"\n  - apt-get update -y\n  - apt-get install -y docker-ce docker-ce-cli containerd.io\n  - systemctl enable docker --now\n\n\nfinal_message: \"The system is finally up, after $UPTIME seconds\"",
            "vars": {
              "ssh_public_key": "ssh-rsa AAAAB3NzaC1yc2EAAAADAQABAAABgQC11H3wGDtehwiI/8CLlcMDGT18ll9JxoZDAVfPRufC2Rs1FlojVQ86NzELSrXrr0nu32BAjuLKYb9fpY9IJsiCIIrzpw6h/I/AamrbQpzIvkF3szwnGqUVa3E6kZC9i7FqynTHvcABVLrREwwdT91zCYRpE4+JC6FycRhQh+/A/nk8+GRUDV5lYaIap+q5Smzd1pw3S3x8rQjnzINsXhyGkE+9MPk5clm0rZX+uLSPtjw9UuKRPALctXLHZwDk/lVaaTEeNj6WC9SjeZwBbb3hUrP6MvRUkqD58HWBoDJhC2kr3uq1nWOyKZOA8wMYNkBCrHQ3Pv5NKOoSEgUzZBQ2XLrCnAP+KhfgjzAzUibVP0GEmC50M0iLdsmIrUCyOkW64vlWr3jvf///kLbMRewuKvdzbu1VxAEcRKICTNiWBGnj7rGV6n0XwnzNJgqDxb/+Tj0T660fuzHIcpYh5zDCn01kjv/ClW1xZfgeSaXN86CoIDmy68v2n47avdGCRcU= jaideepjoshi@Jaideeps-MacBook-Pro-2.local\n"
            }
          },
          "sensitive_attributes": []
        }
      ]
    },
    {
      "mode": "managed",
      "type": "null_resource",
      "name": "provision_vpnserver",
      "provider": "provider[\"registry.terraform.io/hashicorp/null\"]",
      "instances": [
        {
          "schema_version": 0,
          "attributes": {
            "id": "2396224955798333308",
            "triggers": null
          },
          "sensitive_attributes": [],
          "private": "bnVsbA==",
          "dependencies": [
            "openstack_blockstorage_volume_v3.demo-vpnserver-sda",
            "openstack_compute_floatingip_associate_v2.demo-vpnserver-ip-attach",
            "openstack_compute_instance_v2.demo-vpnserver",
            "openstack_compute_keypair_v2.demo-keypair",
            "openstack_networking_floatingip_v2.demo-vpnserver-ip",
            "openstack_networking_network_v2.demo-network",
            "openstack_networking_secgroup_v2.demo-secgroup"
          ]
        }
      ]
    },
    {
      "mode": "managed",
      "type": "openstack_blockstorage_volume_v3",
      "name": "demo-adserver-sda",
      "provider": "provider[\"registry.terraform.io/terraform-provider-openstack/openstack\"]",
      "instances": [
        {
          "schema_version": 0,
          "attributes": {
            "attachment": [],
            "availability_zone": "nova",
            "consistency_group_id": null,
            "description": "",
            "enable_online_resize": null,
            "id": "f5829208-7de1-441c-b24a-515cd497319b",
            "image_id": "6b2024f7-29d8-446b-bdad-ca78ca8573a5",
            "metadata": {
              "User": "jaideep.joshi"
            },
            "multiattach": null,
            "name": "jai-ecp-demo-adserver-sda",
            "region": "us-east-1",
            "scheduler_hints": [],
            "size": 51,
            "snapshot_id": "",
            "source_replica": null,
            "source_vol_id": "",
            "timeouts": null,
            "volume_type": "__DEFAULT__"
          },
          "sensitive_attributes": [],
          "private": "eyJlMmJmYjczMC1lY2FhLTExZTYtOGY4OC0zNDM2M2JjN2M0YzAiOnsiY3JlYXRlIjo2MDAwMDAwMDAwMDAsImRlbGV0ZSI6NjAwMDAwMDAwMDAwfX0="
        }
      ]
    },
    {
      "mode": "managed",
      "type": "openstack_blockstorage_volume_v3",
      "name": "demo-controller-sda",
      "provider": "provider[\"registry.terraform.io/terraform-provider-openstack/openstack\"]",
      "instances": [
        {
          "index_key": 0,
          "schema_version": 0,
          "attributes": {
            "attachment": [],
            "availability_zone": "nova",
            "consistency_group_id": null,
            "description": "",
            "enable_online_resize": null,
            "id": "6789c1d3-43be-4812-a74e-36aa8addea3c",
            "image_id": "6b2024f7-29d8-446b-bdad-ca78ca8573a5",
            "metadata": {
              "User": "jaideep.joshi"
            },
            "multiattach": null,
            "name": "jai-ecp-demo-controller-1-sda",
            "region": "us-east-1",
            "scheduler_hints": [],
            "size": 301,
            "snapshot_id": "",
            "source_replica": null,
            "source_vol_id": "",
            "timeouts": null,
            "volume_type": "__DEFAULT__"
          },
          "sensitive_attributes": [],
          "private": "eyJlMmJmYjczMC1lY2FhLTExZTYtOGY4OC0zNDM2M2JjN2M0YzAiOnsiY3JlYXRlIjo2MDAwMDAwMDAwMDAsImRlbGV0ZSI6NjAwMDAwMDAwMDAwfX0="
        }
      ]
    },
    {
      "mode": "managed",
      "type": "openstack_blockstorage_volume_v3",
      "name": "demo-controller-sdb",
      "provider": "provider[\"registry.terraform.io/terraform-provider-openstack/openstack\"]",
      "instances": [
        {
          "index_key": 0,
          "schema_version": 0,
          "attributes": {
            "attachment": [],
            "availability_zone": "nova",
            "consistency_group_id": null,
            "description": "",
            "enable_online_resize": null,
            "id": "0583cd35-f582-4dac-b17f-823f32ec8aac",
            "image_id": null,
            "metadata": {
              "User": "jaideep.joshi"
            },
            "multiattach": null,
            "name": "jai-ecp-demo-controller-1-sdb",
            "region": "us-east-1",
            "scheduler_hints": [],
            "size": 501,
            "snapshot_id": "",
            "source_replica": null,
            "source_vol_id": "",
            "timeouts": null,
            "volume_type": "__DEFAULT__"
          },
          "sensitive_attributes": [],
          "private": "eyJlMmJmYjczMC1lY2FhLTExZTYtOGY4OC0zNDM2M2JjN2M0YzAiOnsiY3JlYXRlIjo2MDAwMDAwMDAwMDAsImRlbGV0ZSI6NjAwMDAwMDAwMDAwfX0="
        }
      ]
    },
    {
      "mode": "managed",
      "type": "openstack_blockstorage_volume_v3",
      "name": "demo-controller-sdc",
      "provider": "provider[\"registry.terraform.io/terraform-provider-openstack/openstack\"]",
      "instances": [
        {
          "index_key": 0,
          "schema_version": 0,
          "attributes": {
            "attachment": [],
            "availability_zone": "nova",
            "consistency_group_id": null,
            "description": "",
            "enable_online_resize": null,
            "id": "a118981d-3d47-4023-a67f-b482c0f397a7",
            "image_id": null,
            "metadata": {
              "User": "jaideep.joshi"
            },
            "multiattach": null,
            "name": "jai-ecp-demo-controller-1-sdc",
            "region": "us-east-1",
            "scheduler_hints": [],
            "size": 501,
            "snapshot_id": "",
            "source_replica": null,
            "source_vol_id": "",
            "timeouts": null,
            "volume_type": "__DEFAULT__"
          },
          "sensitive_attributes": [],
          "private": "eyJlMmJmYjczMC1lY2FhLTExZTYtOGY4OC0zNDM2M2JjN2M0YzAiOnsiY3JlYXRlIjo2MDAwMDAwMDAwMDAsImRlbGV0ZSI6NjAwMDAwMDAwMDAwfX0="
        }
      ]
    },
    {
      "mode": "managed",
      "type": "openstack_blockstorage_volume_v3",
      "name": "demo-dnsserver-sda",
      "provider": "provider[\"registry.terraform.io/terraform-provider-openstack/openstack\"]",
      "instances": [
        {
          "schema_version": 0,
          "attributes": {
            "attachment": [],
            "availability_zone": "nova",
            "consistency_group_id": null,
            "description": "",
            "enable_online_resize": null,
            "id": "8feccda5-2f8c-43e8-86ab-d36cecd30d25",
            "image_id": "6b2024f7-29d8-446b-bdad-ca78ca8573a5",
            "metadata": {
              "User": "jaideep.joshi"
            },
            "multiattach": null,
            "name": "jai-ecp-demo-dnsserver-sda",
            "region": "us-east-1",
            "scheduler_hints": [],
            "size": 51,
            "snapshot_id": "",
            "source_replica": null,
            "source_vol_id": "",
            "timeouts": null,
            "volume_type": "__DEFAULT__"
          },
          "sensitive_attributes": [],
          "private": "eyJlMmJmYjczMC1lY2FhLTExZTYtOGY4OC0zNDM2M2JjN2M0YzAiOnsiY3JlYXRlIjo2MDAwMDAwMDAwMDAsImRlbGV0ZSI6NjAwMDAwMDAwMDAwfX0="
        }
      ]
    },
    {
      "mode": "managed",
      "type": "openstack_blockstorage_volume_v3",
      "name": "demo-externaldf-sda",
      "provider": "provider[\"registry.terraform.io/terraform-provider-openstack/openstack\"]",
      "instances": [
        {
          "index_key": 0,
          "schema_version": 0,
          "attributes": {
            "attachment": [],
            "availability_zone": "nova",
            "consistency_group_id": null,
            "description": "",
            "enable_online_resize": null,
            "id": "906ede4c-1f7d-443b-9c56-28b7b4638566",
            "image_id": "22e6b11c-0a51-4db4-b7d8-29ab03947788",
            "metadata": {
              "User": "jaideep.joshi"
            },
            "multiattach": null,
            "name": "jai-ecp-demo-externaldf-host-1-sda",
            "region": "us-east-1",
            "scheduler_hints": [],
            "size": 51,
            "snapshot_id": "",
            "source_replica": null,
            "source_vol_id": "",
            "timeouts": null,
            "volume_type": "__DEFAULT__"
          },
          "sensitive_attributes": [],
          "private": "eyJlMmJmYjczMC1lY2FhLTExZTYtOGY4OC0zNDM2M2JjN2M0YzAiOnsiY3JlYXRlIjo2MDAwMDAwMDAwMDAsImRlbGV0ZSI6NjAwMDAwMDAwMDAwfX0="
        }
      ]
    },
    {
      "mode": "managed",
      "type": "openstack_blockstorage_volume_v3",
      "name": "demo-externaldf-sdb",
      "provider": "provider[\"registry.terraform.io/terraform-provider-openstack/openstack\"]",
      "instances": [
        {
          "index_key": 0,
          "schema_version": 0,
          "attributes": {
            "attachment": [],
            "availability_zone": "nova",
            "consistency_group_id": null,
            "description": "",
            "enable_online_resize": null,
            "id": "b862a1ab-d4de-4a48-8aa1-f4a444a1328d",
            "image_id": null,
            "metadata": {
              "User": "jaideep.joshi"
            },
            "multiattach": null,
            "name": "jai-ecp-demo-externaldf-host-1-sdb",
            "region": "us-east-1",
            "scheduler_hints": [],
            "size": 151,
            "snapshot_id": "",
            "source_replica": null,
            "source_vol_id": "",
            "timeouts": null,
            "volume_type": "__DEFAULT__"
          },
          "sensitive_attributes": [],
          "private": "eyJlMmJmYjczMC1lY2FhLTExZTYtOGY4OC0zNDM2M2JjN2M0YzAiOnsiY3JlYXRlIjo2MDAwMDAwMDAwMDAsImRlbGV0ZSI6NjAwMDAwMDAwMDAwfX0="
        }
      ]
    },
    {
      "mode": "managed",
      "type": "openstack_blockstorage_volume_v3",
      "name": "demo-gateway-sda",
      "provider": "provider[\"registry.terraform.io/terraform-provider-openstack/openstack\"]",
      "instances": [
        {
          "index_key": 0,
          "schema_version": 0,
          "attributes": {
            "attachment": [],
            "availability_zone": "nova",
            "consistency_group_id": null,
            "description": "",
            "enable_online_resize": null,
            "id": "5952c982-95c8-4b3f-915f-d7e21e9c4887",
            "image_id": "6b2024f7-29d8-446b-bdad-ca78ca8573a5",
            "metadata": {
              "User": "jaideep.joshi"
            },
            "multiattach": null,
            "name": "jai-ecp-demo-gateway-1-sda",
            "region": "us-east-1",
            "scheduler_hints": [],
            "size": 501,
            "snapshot_id": "",
            "source_replica": null,
            "source_vol_id": "",
            "timeouts": null,
            "volume_type": "__DEFAULT__"
          },
          "sensitive_attributes": [],
          "private": "eyJlMmJmYjczMC1lY2FhLTExZTYtOGY4OC0zNDM2M2JjN2M0YzAiOnsiY3JlYXRlIjo2MDAwMDAwMDAwMDAsImRlbGV0ZSI6NjAwMDAwMDAwMDAwfX0="
        }
      ]
    },
    {
      "mode": "managed",
      "type": "openstack_blockstorage_volume_v3",
      "name": "demo-k8scomputeworker-sda",
      "provider": "provider[\"registry.terraform.io/terraform-provider-openstack/openstack\"]",
      "instances": [
        {
          "index_key": 0,
          "schema_version": 0,
          "attributes": {
            "attachment": [],
            "availability_zone": "nova",
            "consistency_group_id": null,
            "description": "",
            "enable_online_resize": null,
            "id": "c02467e5-3d88-4451-855b-ee08830c7bea",
            "image_id": "6b2024f7-29d8-446b-bdad-ca78ca8573a5",
            "metadata": {
              "User": "jaideep.joshi"
            },
            "multiattach": null,
            "name": "jai-ecp-demo-k8scomputeworker-1-sda",
            "region": "us-east-1",
            "scheduler_hints": [],
            "size": 151,
            "snapshot_id": "",
            "source_replica": null,
            "source_vol_id": "",
            "timeouts": null,
            "volume_type": "__DEFAULT__"
          },
          "sensitive_attributes": [],
          "private": "eyJlMmJmYjczMC1lY2FhLTExZTYtOGY4OC0zNDM2M2JjN2M0YzAiOnsiY3JlYXRlIjo2MDAwMDAwMDAwMDAsImRlbGV0ZSI6NjAwMDAwMDAwMDAwfX0="
        },
        {
          "index_key": 1,
          "schema_version": 0,
          "attributes": {
            "attachment": [],
            "availability_zone": "nova",
            "consistency_group_id": null,
            "description": "",
            "enable_online_resize": null,
            "id": "ad9ec56b-c439-4832-8dc4-7cce3b41ef7a",
            "image_id": "6b2024f7-29d8-446b-bdad-ca78ca8573a5",
            "metadata": {
              "User": "jaideep.joshi"
            },
            "multiattach": null,
            "name": "jai-ecp-demo-k8scomputeworker-2-sda",
            "region": "us-east-1",
            "scheduler_hints": [],
            "size": 151,
            "snapshot_id": "",
            "source_replica": null,
            "source_vol_id": "",
            "timeouts": null,
            "volume_type": "__DEFAULT__"
          },
          "sensitive_attributes": [],
          "private": "eyJlMmJmYjczMC1lY2FhLTExZTYtOGY4OC0zNDM2M2JjN2M0YzAiOnsiY3JlYXRlIjo2MDAwMDAwMDAwMDAsImRlbGV0ZSI6NjAwMDAwMDAwMDAwfX0="
        },
        {
          "index_key": 2,
          "schema_version": 0,
          "attributes": {
            "attachment": [],
            "availability_zone": "nova",
            "consistency_group_id": null,
            "description": "",
            "enable_online_resize": null,
            "id": "1002ab88-6915-407a-99fa-edc9cc2cde4d",
            "image_id": "6b2024f7-29d8-446b-bdad-ca78ca8573a5",
            "metadata": {
              "User": "jaideep.joshi"
            },
            "multiattach": null,
            "name": "jai-ecp-demo-k8scomputeworker-3-sda",
            "region": "us-east-1",
            "scheduler_hints": [],
            "size": 151,
            "snapshot_id": "",
            "source_replica": null,
            "source_vol_id": "",
            "timeouts": null,
            "volume_type": "__DEFAULT__"
          },
          "sensitive_attributes": [],
          "private": "eyJlMmJmYjczMC1lY2FhLTExZTYtOGY4OC0zNDM2M2JjN2M0YzAiOnsiY3JlYXRlIjo2MDAwMDAwMDAwMDAsImRlbGV0ZSI6NjAwMDAwMDAwMDAwfX0="
        }
      ]
    },
    {
      "mode": "managed",
      "type": "openstack_blockstorage_volume_v3",
      "name": "demo-k8scomputeworker-sdb",
      "provider": "provider[\"registry.terraform.io/terraform-provider-openstack/openstack\"]",
      "instances": [
        {
          "index_key": 0,
          "schema_version": 0,
          "attributes": {
            "attachment": [],
            "availability_zone": "nova",
            "consistency_group_id": null,
            "description": "",
            "enable_online_resize": null,
            "id": "51b77388-4869-4dd8-b801-797dbd3451b1",
            "image_id": null,
            "metadata": {
              "User": "jaideep.joshi"
            },
            "multiattach": null,
            "name": "jai-ecp-demo-k8scomputeworker-1-sdb",
            "region": "us-east-1",
            "scheduler_hints": [],
            "size": 151,
            "snapshot_id": "",
            "source_replica": null,
            "source_vol_id": "",
            "timeouts": null,
            "volume_type": "__DEFAULT__"
          },
          "sensitive_attributes": [],
          "private": "eyJlMmJmYjczMC1lY2FhLTExZTYtOGY4OC0zNDM2M2JjN2M0YzAiOnsiY3JlYXRlIjo2MDAwMDAwMDAwMDAsImRlbGV0ZSI6NjAwMDAwMDAwMDAwfX0="
        },
        {
          "index_key": 1,
          "schema_version": 0,
          "attributes": {
            "attachment": [],
            "availability_zone": "nova",
            "consistency_group_id": null,
            "description": "",
            "enable_online_resize": null,
            "id": "e2ce50e6-e772-4311-bada-957aecee640a",
            "image_id": null,
            "metadata": {
              "User": "jaideep.joshi"
            },
            "multiattach": null,
            "name": "jai-ecp-demo-k8scomputeworker-2-sdb",
            "region": "us-east-1",
            "scheduler_hints": [],
            "size": 151,
            "snapshot_id": "",
            "source_replica": null,
            "source_vol_id": "",
            "timeouts": null,
            "volume_type": "__DEFAULT__"
          },
          "sensitive_attributes": [],
          "private": "eyJlMmJmYjczMC1lY2FhLTExZTYtOGY4OC0zNDM2M2JjN2M0YzAiOnsiY3JlYXRlIjo2MDAwMDAwMDAwMDAsImRlbGV0ZSI6NjAwMDAwMDAwMDAwfX0="
        },
        {
          "index_key": 2,
          "schema_version": 0,
          "attributes": {
            "attachment": [],
            "availability_zone": "nova",
            "consistency_group_id": null,
            "description": "",
            "enable_online_resize": null,
            "id": "be5415c0-e170-4079-82a7-641178ccfa37",
            "image_id": null,
            "metadata": {
              "User": "jaideep.joshi"
            },
            "multiattach": null,
            "name": "jai-ecp-demo-k8scomputeworker-3-sdb",
            "region": "us-east-1",
            "scheduler_hints": [],
            "size": 151,
            "snapshot_id": "",
            "source_replica": null,
            "source_vol_id": "",
            "timeouts": null,
            "volume_type": "__DEFAULT__"
          },
          "sensitive_attributes": [],
          "private": "eyJlMmJmYjczMC1lY2FhLTExZTYtOGY4OC0zNDM2M2JjN2M0YzAiOnsiY3JlYXRlIjo2MDAwMDAwMDAwMDAsImRlbGV0ZSI6NjAwMDAwMDAwMDAwfX0="
        }
      ]
    },
    {
      "mode": "managed",
      "type": "openstack_blockstorage_volume_v3",
      "name": "demo-k8sdfcomputemaster-sda",
      "provider": "provider[\"registry.terraform.io/terraform-provider-openstack/openstack\"]",
      "instances": [
        {
          "index_key": 0,
          "schema_version": 0,
          "attributes": {
            "attachment": [],
            "availability_zone": "nova",
            "consistency_group_id": null,
            "description": "",
            "enable_online_resize": null,
            "id": "f8d44646-a8ae-4524-85fe-ccd0b35aa0cd",
            "image_id": "6b2024f7-29d8-446b-bdad-ca78ca8573a5",
            "metadata": {
              "User": "jaideep.joshi"
            },
            "multiattach": null,
            "name": "jai-ecp-demo-k8sdfcomputemaster-1-sda",
            "region": "us-east-1",
            "scheduler_hints": [],
            "size": 551,
            "snapshot_id": "",
            "source_replica": null,
            "source_vol_id": "",
            "timeouts": null,
            "volume_type": "__DEFAULT__"
          },
          "sensitive_attributes": [],
          "private": "eyJlMmJmYjczMC1lY2FhLTExZTYtOGY4OC0zNDM2M2JjN2M0YzAiOnsiY3JlYXRlIjo2MDAwMDAwMDAwMDAsImRlbGV0ZSI6NjAwMDAwMDAwMDAwfX0="
        },
        {
          "index_key": 1,
          "schema_version": 0,
          "attributes": {
            "attachment": [],
            "availability_zone": "nova",
            "consistency_group_id": null,
            "description": "",
            "enable_online_resize": null,
            "id": "db5b6327-0938-4131-ad01-6859d77c94f2",
            "image_id": "6b2024f7-29d8-446b-bdad-ca78ca8573a5",
            "metadata": {
              "User": "jaideep.joshi"
            },
            "multiattach": null,
            "name": "jai-ecp-demo-k8sdfcomputemaster-2-sda",
            "region": "us-east-1",
            "scheduler_hints": [],
            "size": 551,
            "snapshot_id": "",
            "source_replica": null,
            "source_vol_id": "",
            "timeouts": null,
            "volume_type": "__DEFAULT__"
          },
          "sensitive_attributes": [],
          "private": "eyJlMmJmYjczMC1lY2FhLTExZTYtOGY4OC0zNDM2M2JjN2M0YzAiOnsiY3JlYXRlIjo2MDAwMDAwMDAwMDAsImRlbGV0ZSI6NjAwMDAwMDAwMDAwfX0="
        },
        {
          "index_key": 2,
          "schema_version": 0,
          "attributes": {
            "attachment": [],
            "availability_zone": "nova",
            "consistency_group_id": null,
            "description": "",
            "enable_online_resize": null,
            "id": "8607e106-9bb0-42f0-87ea-804297812801",
            "image_id": "6b2024f7-29d8-446b-bdad-ca78ca8573a5",
            "metadata": {
              "User": "jaideep.joshi"
            },
            "multiattach": null,
            "name": "jai-ecp-demo-k8sdfcomputemaster-3-sda",
            "region": "us-east-1",
            "scheduler_hints": [],
            "size": 551,
            "snapshot_id": "",
            "source_replica": null,
            "source_vol_id": "",
            "timeouts": null,
            "volume_type": "__DEFAULT__"
          },
          "sensitive_attributes": [],
          "private": "eyJlMmJmYjczMC1lY2FhLTExZTYtOGY4OC0zNDM2M2JjN2M0YzAiOnsiY3JlYXRlIjo2MDAwMDAwMDAwMDAsImRlbGV0ZSI6NjAwMDAwMDAwMDAwfX0="
        }
      ]
    },
    {
      "mode": "managed",
      "type": "openstack_blockstorage_volume_v3",
      "name": "demo-k8sdfcomputemaster-sdb",
      "provider": "provider[\"registry.terraform.io/terraform-provider-openstack/openstack\"]",
      "instances": [
        {
          "index_key": 0,
          "schema_version": 0,
          "attributes": {
            "attachment": [],
            "availability_zone": "nova",
            "consistency_group_id": null,
            "description": "",
            "enable_online_resize": null,
            "id": "c0f99dc8-af3c-4978-906d-d8fe3c30796c",
            "image_id": null,
            "metadata": {
              "User": "jaideep.joshi"
            },
            "multiattach": null,
            "name": "jai-ecp-demo-k8sdfcomputemaster-1-sdb",
            "region": "us-east-1",
            "scheduler_hints": [],
            "size": 551,
            "snapshot_id": "",
            "source_replica": null,
            "source_vol_id": "",
            "timeouts": null,
            "volume_type": "__DEFAULT__"
          },
          "sensitive_attributes": [],
          "private": "eyJlMmJmYjczMC1lY2FhLTExZTYtOGY4OC0zNDM2M2JjN2M0YzAiOnsiY3JlYXRlIjo2MDAwMDAwMDAwMDAsImRlbGV0ZSI6NjAwMDAwMDAwMDAwfX0="
        },
        {
          "index_key": 1,
          "schema_version": 0,
          "attributes": {
            "attachment": [],
            "availability_zone": "nova",
            "consistency_group_id": null,
            "description": "",
            "enable_online_resize": null,
            "id": "56adb234-2672-4f52-86b1-2c3121a821fc",
            "image_id": null,
            "metadata": {
              "User": "jaideep.joshi"
            },
            "multiattach": null,
            "name": "jai-ecp-demo-k8sdfcomputemaster-2-sdb",
            "region": "us-east-1",
            "scheduler_hints": [],
            "size": 551,
            "snapshot_id": "",
            "source_replica": null,
            "source_vol_id": "",
            "timeouts": null,
            "volume_type": "__DEFAULT__"
          },
          "sensitive_attributes": [],
          "private": "eyJlMmJmYjczMC1lY2FhLTExZTYtOGY4OC0zNDM2M2JjN2M0YzAiOnsiY3JlYXRlIjo2MDAwMDAwMDAwMDAsImRlbGV0ZSI6NjAwMDAwMDAwMDAwfX0="
        },
        {
          "index_key": 2,
          "schema_version": 0,
          "attributes": {
            "attachment": [],
            "availability_zone": "nova",
            "consistency_group_id": null,
            "description": "",
            "enable_online_resize": null,
            "id": "fe73c5a0-7dfd-47fe-a761-58d79b002965",
            "image_id": null,
            "metadata": {
              "User": "jaideep.joshi"
            },
            "multiattach": null,
            "name": "jai-ecp-demo-k8sdfcomputemaster-3-sdb",
            "region": "us-east-1",
            "scheduler_hints": [],
            "size": 551,
            "snapshot_id": "",
            "source_replica": null,
            "source_vol_id": "",
            "timeouts": null,
            "volume_type": "__DEFAULT__"
          },
          "sensitive_attributes": [],
          "private": "eyJlMmJmYjczMC1lY2FhLTExZTYtOGY4OC0zNDM2M2JjN2M0YzAiOnsiY3JlYXRlIjo2MDAwMDAwMDAwMDAsImRlbGV0ZSI6NjAwMDAwMDAwMDAwfX0="
        }
      ]
    },
    {
      "mode": "managed",
      "type": "openstack_blockstorage_volume_v3",
      "name": "demo-k8sdfworker-sda",
      "provider": "provider[\"registry.terraform.io/terraform-provider-openstack/openstack\"]",
      "instances": [
        {
          "index_key": 0,
          "schema_version": 0,
          "attributes": {
            "attachment": [],
            "availability_zone": "nova",
            "consistency_group_id": null,
            "description": "",
            "enable_online_resize": null,
            "id": "f92f1097-2f40-4861-95f0-b4cd949d9bc7",
            "image_id": "6b2024f7-29d8-446b-bdad-ca78ca8573a5",
            "metadata": {
              "User": "jaideep.joshi"
            },
            "multiattach": null,
            "name": "jai-ecp-demo-k8sdfworker-1-sda",
            "region": "us-east-1",
            "scheduler_hints": [],
            "size": 551,
            "snapshot_id": "",
            "source_replica": null,
            "source_vol_id": "",
            "timeouts": null,
            "volume_type": "__DEFAULT__"
          },
          "sensitive_attributes": [],
          "private": "eyJlMmJmYjczMC1lY2FhLTExZTYtOGY4OC0zNDM2M2JjN2M0YzAiOnsiY3JlYXRlIjo2MDAwMDAwMDAwMDAsImRlbGV0ZSI6NjAwMDAwMDAwMDAwfX0="
        },
        {
          "index_key": 1,
          "schema_version": 0,
          "attributes": {
            "attachment": [],
            "availability_zone": "nova",
            "consistency_group_id": null,
            "description": "",
            "enable_online_resize": null,
            "id": "a2072d4c-e734-4c5a-bb02-7cfd730ca51e",
            "image_id": "6b2024f7-29d8-446b-bdad-ca78ca8573a5",
            "metadata": {
              "User": "jaideep.joshi"
            },
            "multiattach": null,
            "name": "jai-ecp-demo-k8sdfworker-2-sda",
            "region": "us-east-1",
            "scheduler_hints": [],
            "size": 551,
            "snapshot_id": "",
            "source_replica": null,
            "source_vol_id": "",
            "timeouts": null,
            "volume_type": "__DEFAULT__"
          },
          "sensitive_attributes": [],
          "private": "eyJlMmJmYjczMC1lY2FhLTExZTYtOGY4OC0zNDM2M2JjN2M0YzAiOnsiY3JlYXRlIjo2MDAwMDAwMDAwMDAsImRlbGV0ZSI6NjAwMDAwMDAwMDAwfX0="
        },
        {
          "index_key": 2,
          "schema_version": 0,
          "attributes": {
            "attachment": [],
            "availability_zone": "nova",
            "consistency_group_id": null,
            "description": "",
            "enable_online_resize": null,
            "id": "f720d1a4-0860-4eb0-b4be-83db51897069",
            "image_id": "6b2024f7-29d8-446b-bdad-ca78ca8573a5",
            "metadata": {
              "User": "jaideep.joshi"
            },
            "multiattach": null,
            "name": "jai-ecp-demo-k8sdfworker-3-sda",
            "region": "us-east-1",
            "scheduler_hints": [],
            "size": 551,
            "snapshot_id": "",
            "source_replica": null,
            "source_vol_id": "",
            "timeouts": null,
            "volume_type": "__DEFAULT__"
          },
          "sensitive_attributes": [],
          "private": "eyJlMmJmYjczMC1lY2FhLTExZTYtOGY4OC0zNDM2M2JjN2M0YzAiOnsiY3JlYXRlIjo2MDAwMDAwMDAwMDAsImRlbGV0ZSI6NjAwMDAwMDAwMDAwfX0="
        }
      ]
    },
    {
      "mode": "managed",
      "type": "openstack_blockstorage_volume_v3",
      "name": "demo-k8sdfworker-sdb",
      "provider": "provider[\"registry.terraform.io/terraform-provider-openstack/openstack\"]",
      "instances": [
        {
          "index_key": 0,
          "schema_version": 0,
          "attributes": {
            "attachment": [],
            "availability_zone": "nova",
            "consistency_group_id": null,
            "description": "",
            "enable_online_resize": null,
            "id": "667dbeb5-f1d1-49b6-acd8-c4bfa5da4ad6",
            "image_id": null,
            "metadata": {
              "User": "jaideep.joshi"
            },
            "multiattach": null,
            "name": "jai-ecp-demo-k8sdfworker-1-sdb",
            "region": "us-east-1",
            "scheduler_hints": [],
            "size": 551,
            "snapshot_id": "",
            "source_replica": null,
            "source_vol_id": "",
            "timeouts": null,
            "volume_type": "__DEFAULT__"
          },
          "sensitive_attributes": [],
          "private": "eyJlMmJmYjczMC1lY2FhLTExZTYtOGY4OC0zNDM2M2JjN2M0YzAiOnsiY3JlYXRlIjo2MDAwMDAwMDAwMDAsImRlbGV0ZSI6NjAwMDAwMDAwMDAwfX0="
        },
        {
          "index_key": 1,
          "schema_version": 0,
          "attributes": {
            "attachment": [],
            "availability_zone": "nova",
            "consistency_group_id": null,
            "description": "",
            "enable_online_resize": null,
            "id": "ebc41cd6-abea-45e8-a02f-06604bd793a2",
            "image_id": null,
            "metadata": {
              "User": "jaideep.joshi"
            },
            "multiattach": null,
            "name": "jai-ecp-demo-k8sdfworker-2-sdb",
            "region": "us-east-1",
            "scheduler_hints": [],
            "size": 551,
            "snapshot_id": "",
            "source_replica": null,
            "source_vol_id": "",
            "timeouts": null,
            "volume_type": "__DEFAULT__"
          },
          "sensitive_attributes": [],
          "private": "eyJlMmJmYjczMC1lY2FhLTExZTYtOGY4OC0zNDM2M2JjN2M0YzAiOnsiY3JlYXRlIjo2MDAwMDAwMDAwMDAsImRlbGV0ZSI6NjAwMDAwMDAwMDAwfX0="
        },
        {
          "index_key": 2,
          "schema_version": 0,
          "attributes": {
            "attachment": [],
            "availability_zone": "nova",
            "consistency_group_id": null,
            "description": "",
            "enable_online_resize": null,
            "id": "d07b122f-8bf7-42a9-b4c7-29693f2ce48e",
            "image_id": null,
            "metadata": {
              "User": "jaideep.joshi"
            },
            "multiattach": null,
            "name": "jai-ecp-demo-k8sdfworker-3-sdb",
            "region": "us-east-1",
            "scheduler_hints": [],
            "size": 551,
            "snapshot_id": "",
            "source_replica": null,
            "source_vol_id": "",
            "timeouts": null,
            "volume_type": "__DEFAULT__"
          },
          "sensitive_attributes": [],
          "private": "eyJlMmJmYjczMC1lY2FhLTExZTYtOGY4OC0zNDM2M2JjN2M0YzAiOnsiY3JlYXRlIjo2MDAwMDAwMDAwMDAsImRlbGV0ZSI6NjAwMDAwMDAwMDAwfX0="
        }
      ]
    },
    {
      "mode": "managed",
      "type": "openstack_blockstorage_volume_v3",
      "name": "demo-k8sdfworker-sdc",
      "provider": "provider[\"registry.terraform.io/terraform-provider-openstack/openstack\"]",
      "instances": [
        {
          "index_key": 0,
          "schema_version": 0,
          "attributes": {
            "attachment": [],
            "availability_zone": "nova",
            "consistency_group_id": null,
            "description": "",
            "enable_online_resize": null,
            "id": "c9810c2e-c98e-465e-a98f-3ecd0e3e3e62",
            "image_id": null,
            "metadata": {
              "User": "jaideep.joshi"
            },
            "multiattach": null,
            "name": "jai-ecp-demo-k8sdfworker-1-sdc",
            "region": "us-east-1",
            "scheduler_hints": [],
            "size": 551,
            "snapshot_id": "",
            "source_replica": null,
            "source_vol_id": "",
            "timeouts": null,
            "volume_type": "__DEFAULT__"
          },
          "sensitive_attributes": [],
          "private": "eyJlMmJmYjczMC1lY2FhLTExZTYtOGY4OC0zNDM2M2JjN2M0YzAiOnsiY3JlYXRlIjo2MDAwMDAwMDAwMDAsImRlbGV0ZSI6NjAwMDAwMDAwMDAwfX0="
        },
        {
          "index_key": 1,
          "schema_version": 0,
          "attributes": {
            "attachment": [],
            "availability_zone": "nova",
            "consistency_group_id": null,
            "description": "",
            "enable_online_resize": null,
            "id": "e9176132-fe0b-43c9-bf11-31535c577874",
            "image_id": null,
            "metadata": {
              "User": "jaideep.joshi"
            },
            "multiattach": null,
            "name": "jai-ecp-demo-k8sdfworker-2-sdc",
            "region": "us-east-1",
            "scheduler_hints": [],
            "size": 551,
            "snapshot_id": "",
            "source_replica": null,
            "source_vol_id": "",
            "timeouts": null,
            "volume_type": "__DEFAULT__"
          },
          "sensitive_attributes": [],
          "private": "eyJlMmJmYjczMC1lY2FhLTExZTYtOGY4OC0zNDM2M2JjN2M0YzAiOnsiY3JlYXRlIjo2MDAwMDAwMDAwMDAsImRlbGV0ZSI6NjAwMDAwMDAwMDAwfX0="
        },
        {
          "index_key": 2,
          "schema_version": 0,
          "attributes": {
            "attachment": [],
            "availability_zone": "nova",
            "consistency_group_id": null,
            "description": "",
            "enable_online_resize": null,
            "id": "d9ac3894-40e4-442e-8d14-b5dfa5117aa4",
            "image_id": null,
            "metadata": {
              "User": "jaideep.joshi"
            },
            "multiattach": null,
            "name": "jai-ecp-demo-k8sdfworker-3-sdc",
            "region": "us-east-1",
            "scheduler_hints": [],
            "size": 551,
            "snapshot_id": "",
            "source_replica": null,
            "source_vol_id": "",
            "timeouts": null,
            "volume_type": "__DEFAULT__"
          },
          "sensitive_attributes": [],
          "private": "eyJlMmJmYjczMC1lY2FhLTExZTYtOGY4OC0zNDM2M2JjN2M0YzAiOnsiY3JlYXRlIjo2MDAwMDAwMDAwMDAsImRlbGV0ZSI6NjAwMDAwMDAwMDAwfX0="
        }
      ]
    },
    {
      "mode": "managed",
      "type": "openstack_blockstorage_volume_v3",
      "name": "demo-vpnserver-sda",
      "provider": "provider[\"registry.terraform.io/terraform-provider-openstack/openstack\"]",
      "instances": [
        {
          "schema_version": 0,
          "attributes": {
            "attachment": [],
            "availability_zone": "nova",
            "consistency_group_id": null,
            "description": "",
            "enable_online_resize": null,
            "id": "8b5c9057-5526-4a74-a977-73d23577fb01",
            "image_id": "3f0a2723-a58f-4205-881c-3acbe08a3974",
            "metadata": {
              "User": "jaideep.joshi"
            },
            "multiattach": null,
            "name": "jai-ecp-demo-vpnserver-sda",
            "region": "us-east-1",
            "scheduler_hints": [],
            "size": 51,
            "snapshot_id": "",
            "source_replica": null,
            "source_vol_id": "",
            "timeouts": null,
            "volume_type": "__DEFAULT__"
          },
          "sensitive_attributes": [],
          "private": "eyJlMmJmYjczMC1lY2FhLTExZTYtOGY4OC0zNDM2M2JjN2M0YzAiOnsiY3JlYXRlIjo2MDAwMDAwMDAwMDAsImRlbGV0ZSI6NjAwMDAwMDAwMDAwfX0="
        }
      ]
    },
    {
      "mode": "managed",
      "type": "openstack_compute_floatingip_associate_v2",
      "name": "demo-vpnserver-ip-attach",
      "provider": "provider[\"registry.terraform.io/terraform-provider-openstack/openstack\"]",
      "instances": [
        {
          "schema_version": 0,
          "attributes": {
            "fixed_ip": "",
            "floating_ip": "70.42.46.38",
            "id": "70.42.46.38/8db87317-dfa6-43cc-ba3e-8755a3706121/",
            "instance_id": "8db87317-dfa6-43cc-ba3e-8755a3706121",
            "region": "us-east-1",
            "timeouts": null,
            "wait_until_associated": null
          },
          "sensitive_attributes": [],
          "private": "eyJlMmJmYjczMC1lY2FhLTExZTYtOGY4OC0zNDM2M2JjN2M0YzAiOnsiY3JlYXRlIjo2MDAwMDAwMDAwMDB9fQ==",
          "dependencies": [
            "openstack_blockstorage_volume_v3.demo-vpnserver-sda",
            "openstack_compute_instance_v2.demo-vpnserver",
            "openstack_compute_keypair_v2.demo-keypair",
            "openstack_networking_floatingip_v2.demo-vpnserver-ip",
            "openstack_networking_network_v2.demo-network",
            "openstack_networking_secgroup_v2.demo-secgroup"
          ]
        }
      ]
    },
    {
      "mode": "managed",
      "type": "openstack_compute_instance_v2",
      "name": "demo-adserver",
      "provider": "provider[\"registry.terraform.io/terraform-provider-openstack/openstack\"]",
      "instances": [
        {
          "index_key": 0,
          "schema_version": 0,
          "attributes": {
            "access_ip_v4": "192.168.216.211",
            "access_ip_v6": "",
            "admin_pass": null,
            "all_metadata": {
              "User": "jaideep.joshi"
            },
            "all_tags": [],
            "availability_zone": "nova",
            "availability_zone_hints": null,
            "block_device": [
              {
                "boot_index": 0,
                "delete_on_termination": true,
                "destination_type": "volume",
                "device_type": "",
                "disk_bus": "",
                "guest_format": "",
                "source_type": "volume",
                "uuid": "f5829208-7de1-441c-b24a-515cd497319b",
                "volume_size": 0,
                "volume_type": ""
              }
            ],
            "config_drive": null,
            "flavor_id": "cd079ae6-daef-4ff3-99cb-cafd3ca4226e",
            "flavor_name": "t1.small",
            "floating_ip": null,
            "force_delete": false,
            "id": "f3187e8a-7d81-49e9-abad-9be11a358381",
            "image_id": "Attempt to boot from volume - no image supplied",
            "image_name": null,
            "key_pair": "jai-ecp-demo-keypair",
            "metadata": {
              "User": "jaideep.joshi"
            },
            "name": "jai-ecp-demo-adserver",
            "network": [
              {
                "access_network": false,
                "fixed_ip_v4": "192.168.216.211",
                "fixed_ip_v6": "",
                "floating_ip": "",
                "mac": "fa:16:3e:06:82:59",
                "name": "jai-ecp-demo-vpc",
                "port": "",
                "uuid": "0c25df3c-6dce-4f1d-b686-bde075167225"
              }
            ],
            "network_mode": null,
            "personality": [],
            "power_state": "active",
            "region": "us-east-1",
            "scheduler_hints": [],
            "security_groups": [
              "jai-ecp-demo-secgroup"
            ],
            "stop_before_destroy": false,
            "tags": null,
            "timeouts": null,
            "user_data": null,
            "vendor_options": [],
            "volume": []
          },
          "sensitive_attributes": [],
          "private": "eyJlMmJmYjczMC1lY2FhLTExZTYtOGY4OC0zNDM2M2JjN2M0YzAiOnsiY3JlYXRlIjoxODAwMDAwMDAwMDAwLCJkZWxldGUiOjE4MDAwMDAwMDAwMDAsInVwZGF0ZSI6MTgwMDAwMDAwMDAwMH19",
          "dependencies": [
            "openstack_blockstorage_volume_v3.demo-adserver-sda",
            "openstack_compute_keypair_v2.demo-keypair",
            "openstack_networking_network_v2.demo-network",
            "openstack_networking_secgroup_v2.demo-secgroup",
            "openstack_networking_subnet_v2.demo-subnet"
          ]
        }
      ]
    },
    {
      "mode": "managed",
      "type": "openstack_compute_instance_v2",
      "name": "demo-controller",
      "provider": "provider[\"registry.terraform.io/terraform-provider-openstack/openstack\"]",
      "instances": [
        {
          "index_key": 0,
          "schema_version": 0,
          "attributes": {
            "access_ip_v4": "192.168.216.125",
            "access_ip_v6": "",
            "admin_pass": null,
            "all_metadata": {
              "User": "jaideep.joshi"
            },
            "all_tags": [],
            "availability_zone": "nova",
            "availability_zone_hints": null,
            "block_device": [
              {
                "boot_index": 0,
                "delete_on_termination": true,
                "destination_type": "volume",
                "device_type": "",
                "disk_bus": "",
                "guest_format": "",
                "source_type": "volume",
                "uuid": "6789c1d3-43be-4812-a74e-36aa8addea3c",
                "volume_size": 0,
                "volume_type": ""
              },
              {
                "boot_index": 1,
                "delete_on_termination": true,
                "destination_type": "volume",
                "device_type": "",
                "disk_bus": "",
                "guest_format": "",
                "source_type": "volume",
                "uuid": "0583cd35-f582-4dac-b17f-823f32ec8aac",
                "volume_size": 0,
                "volume_type": ""
              },
              {
                "boot_index": 2,
                "delete_on_termination": true,
                "destination_type": "volume",
                "device_type": "",
                "disk_bus": "",
                "guest_format": "",
                "source_type": "volume",
                "uuid": "a118981d-3d47-4023-a67f-b482c0f397a7",
                "volume_size": 0,
                "volume_type": ""
              }
            ],
            "config_drive": null,
            "flavor_id": "6c351f96-363f-4588-bf88-7edde0ea938b",
            "flavor_name": "m1.xlarge",
            "floating_ip": null,
            "force_delete": false,
            "id": "a20f74d7-66f5-4893-a0a8-472ad50a8400",
            "image_id": "Attempt to boot from volume - no image supplied",
            "image_name": null,
            "key_pair": "jai-ecp-demo-keypair",
            "metadata": {
              "User": "jaideep.joshi"
            },
            "name": "jai-ecp-demo-controller-1",
            "network": [
              {
                "access_network": false,
                "fixed_ip_v4": "192.168.216.125",
                "fixed_ip_v6": "",
                "floating_ip": "",
                "mac": "fa:16:3e:9e:6f:b8",
                "name": "jai-ecp-demo-vpc",
                "port": "",
                "uuid": "0c25df3c-6dce-4f1d-b686-bde075167225"
              }
            ],
            "network_mode": null,
            "personality": [],
            "power_state": "active",
            "region": "us-east-1",
            "scheduler_hints": [],
            "security_groups": [
              "jai-ecp-demo-secgroup"
            ],
            "stop_before_destroy": false,
            "tags": null,
            "timeouts": null,
            "user_data": null,
            "vendor_options": [],
            "volume": []
          },
          "sensitive_attributes": [],
          "private": "eyJlMmJmYjczMC1lY2FhLTExZTYtOGY4OC0zNDM2M2JjN2M0YzAiOnsiY3JlYXRlIjoxODAwMDAwMDAwMDAwLCJkZWxldGUiOjE4MDAwMDAwMDAwMDAsInVwZGF0ZSI6MTgwMDAwMDAwMDAwMH19",
          "dependencies": [
            "openstack_blockstorage_volume_v3.demo-controller-sda",
            "openstack_blockstorage_volume_v3.demo-controller-sdb",
            "openstack_blockstorage_volume_v3.demo-controller-sdc",
            "openstack_compute_keypair_v2.demo-keypair",
            "openstack_networking_network_v2.demo-network",
            "openstack_networking_secgroup_v2.demo-secgroup",
            "openstack_networking_subnet_v2.demo-subnet"
          ]
        }
      ]
    },
    {
      "mode": "managed",
      "type": "openstack_compute_instance_v2",
      "name": "demo-dnsserver",
      "provider": "provider[\"registry.terraform.io/terraform-provider-openstack/openstack\"]",
      "instances": [
        {
          "index_key": 0,
          "schema_version": 0,
          "attributes": {
            "access_ip_v4": "192.168.216.120",
            "access_ip_v6": "",
            "admin_pass": null,
            "all_metadata": {
              "User": "jaideep.joshi"
            },
            "all_tags": [],
            "availability_zone": "nova",
            "availability_zone_hints": null,
            "block_device": [
              {
                "boot_index": 0,
                "delete_on_termination": true,
                "destination_type": "volume",
                "device_type": "",
                "disk_bus": "",
                "guest_format": "",
                "source_type": "volume",
                "uuid": "8feccda5-2f8c-43e8-86ab-d36cecd30d25",
                "volume_size": 0,
                "volume_type": ""
              }
            ],
            "config_drive": null,
            "flavor_id": "cd079ae6-daef-4ff3-99cb-cafd3ca4226e",
            "flavor_name": "t1.small",
            "floating_ip": null,
            "force_delete": false,
            "id": "87a92b10-574b-4af0-9465-3fabc40fbe6d",
            "image_id": "Attempt to boot from volume - no image supplied",
            "image_name": null,
            "key_pair": "jai-ecp-demo-keypair",
            "metadata": {
              "User": "jaideep.joshi"
            },
            "name": "jai-ecp-demo-dnsserver",
            "network": [
              {
                "access_network": false,
                "fixed_ip_v4": "192.168.216.120",
                "fixed_ip_v6": "",
                "floating_ip": "",
                "mac": "fa:16:3e:84:b4:62",
                "name": "jai-ecp-demo-vpc",
                "port": "",
                "uuid": "0c25df3c-6dce-4f1d-b686-bde075167225"
              }
            ],
            "network_mode": null,
            "personality": [],
            "power_state": "active",
            "region": "us-east-1",
            "scheduler_hints": [],
            "security_groups": [
              "jai-ecp-demo-secgroup"
            ],
            "stop_before_destroy": false,
            "tags": null,
            "timeouts": null,
            "user_data": null,
            "vendor_options": [],
            "volume": []
          },
          "sensitive_attributes": [],
          "private": "eyJlMmJmYjczMC1lY2FhLTExZTYtOGY4OC0zNDM2M2JjN2M0YzAiOnsiY3JlYXRlIjoxODAwMDAwMDAwMDAwLCJkZWxldGUiOjE4MDAwMDAwMDAwMDAsInVwZGF0ZSI6MTgwMDAwMDAwMDAwMH19",
          "dependencies": [
            "openstack_blockstorage_volume_v3.demo-dnsserver-sda",
            "openstack_compute_keypair_v2.demo-keypair",
            "openstack_networking_network_v2.demo-network",
            "openstack_networking_secgroup_v2.demo-secgroup",
            "openstack_networking_subnet_v2.demo-subnet"
          ]
        }
      ]
    },
    {
      "mode": "managed",
      "type": "openstack_compute_instance_v2",
      "name": "demo-externaldf",
      "provider": "provider[\"registry.terraform.io/terraform-provider-openstack/openstack\"]",
      "instances": [
        {
          "index_key": 0,
          "schema_version": 0,
          "attributes": {
            "access_ip_v4": "192.168.216.157",
            "access_ip_v6": "",
            "admin_pass": null,
            "all_metadata": {
              "User": "jaideep.joshi"
            },
            "all_tags": [],
            "availability_zone": "nova",
            "availability_zone_hints": null,
            "block_device": [
              {
                "boot_index": 0,
                "delete_on_termination": true,
                "destination_type": "volume",
                "device_type": "",
                "disk_bus": "",
                "guest_format": "",
                "source_type": "volume",
                "uuid": "906ede4c-1f7d-443b-9c56-28b7b4638566",
                "volume_size": 51,
                "volume_type": ""
              },
              {
                "boot_index": 1,
                "delete_on_termination": true,
                "destination_type": "volume",
                "device_type": "",
                "disk_bus": "",
                "guest_format": "",
                "source_type": "volume",
                "uuid": "b862a1ab-d4de-4a48-8aa1-f4a444a1328d",
                "volume_size": 0,
                "volume_type": ""
              }
            ],
            "config_drive": null,
            "flavor_id": "58ed1a8d-f371-407c-90df-f5b518d1b871",
            "flavor_name": "m1.4xlarge",
            "floating_ip": null,
            "force_delete": false,
            "id": "25cc6080-b137-45a6-86c5-d569fa6c206b",
            "image_id": "Attempt to boot from volume - no image supplied",
            "image_name": null,
            "key_pair": "jai-ecp-demo-keypair",
            "metadata": {
              "User": "jaideep.joshi"
            },
            "name": "jai-ecp-demo-externaldf-host-1",
            "network": [
              {
                "access_network": false,
                "fixed_ip_v4": "192.168.216.157",
                "fixed_ip_v6": "",
                "floating_ip": "",
                "mac": "fa:16:3e:18:2e:4b",
                "name": "jai-ecp-demo-vpc",
                "port": "",
                "uuid": "0c25df3c-6dce-4f1d-b686-bde075167225"
              }
            ],
            "network_mode": null,
            "personality": [],
            "power_state": "active",
            "region": "us-east-1",
            "scheduler_hints": [],
            "security_groups": [
              "jai-ecp-demo-secgroup"
            ],
            "stop_before_destroy": false,
            "tags": null,
            "timeouts": null,
            "user_data": null,
            "vendor_options": [],
            "volume": []
          },
          "sensitive_attributes": [],
          "private": "eyJlMmJmYjczMC1lY2FhLTExZTYtOGY4OC0zNDM2M2JjN2M0YzAiOnsiY3JlYXRlIjoxODAwMDAwMDAwMDAwLCJkZWxldGUiOjE4MDAwMDAwMDAwMDAsInVwZGF0ZSI6MTgwMDAwMDAwMDAwMH19",
          "dependencies": [
            "openstack_blockstorage_volume_v3.demo-externaldf-sda",
            "openstack_blockstorage_volume_v3.demo-externaldf-sdb",
            "openstack_compute_keypair_v2.demo-keypair",
            "openstack_networking_network_v2.demo-network",
            "openstack_networking_secgroup_v2.demo-secgroup",
            "openstack_networking_subnet_v2.demo-subnet"
          ]
        }
      ]
    },
    {
      "mode": "managed",
      "type": "openstack_compute_instance_v2",
      "name": "demo-gateway",
      "provider": "provider[\"registry.terraform.io/terraform-provider-openstack/openstack\"]",
      "instances": [
        {
          "index_key": 0,
          "schema_version": 0,
          "attributes": {
            "access_ip_v4": "192.168.216.9",
            "access_ip_v6": "",
            "admin_pass": null,
            "all_metadata": {
              "User": "jaideep.joshi"
            },
            "all_tags": [],
            "availability_zone": "nova",
            "availability_zone_hints": null,
            "block_device": [
              {
                "boot_index": 0,
                "delete_on_termination": true,
                "destination_type": "volume",
                "device_type": "",
                "disk_bus": "",
                "guest_format": "",
                "source_type": "volume",
                "uuid": "5952c982-95c8-4b3f-915f-d7e21e9c4887",
                "volume_size": 0,
                "volume_type": ""
              }
            ],
            "config_drive": null,
            "flavor_id": "6c351f96-363f-4588-bf88-7edde0ea938b",
            "flavor_name": "m1.xlarge",
            "floating_ip": null,
            "force_delete": false,
            "id": "36f00497-ea34-4de6-aa01-19a3e7b707fa",
            "image_id": "Attempt to boot from volume - no image supplied",
            "image_name": null,
            "key_pair": "jai-ecp-demo-keypair",
            "metadata": {
              "User": "jaideep.joshi"
            },
            "name": "jai-ecp-demo-gateway-1",
            "network": [
              {
                "access_network": false,
                "fixed_ip_v4": "192.168.216.9",
                "fixed_ip_v6": "",
                "floating_ip": "",
                "mac": "fa:16:3e:25:0d:60",
                "name": "jai-ecp-demo-vpc",
                "port": "",
                "uuid": "0c25df3c-6dce-4f1d-b686-bde075167225"
              }
            ],
            "network_mode": null,
            "personality": [],
            "power_state": "active",
            "region": "us-east-1",
            "scheduler_hints": [],
            "security_groups": [
              "jai-ecp-demo-secgroup"
            ],
            "stop_before_destroy": false,
            "tags": null,
            "timeouts": null,
            "user_data": null,
            "vendor_options": [],
            "volume": []
          },
          "sensitive_attributes": [],
          "private": "eyJlMmJmYjczMC1lY2FhLTExZTYtOGY4OC0zNDM2M2JjN2M0YzAiOnsiY3JlYXRlIjoxODAwMDAwMDAwMDAwLCJkZWxldGUiOjE4MDAwMDAwMDAwMDAsInVwZGF0ZSI6MTgwMDAwMDAwMDAwMH19",
          "dependencies": [
            "openstack_blockstorage_volume_v3.demo-gateway-sda",
            "openstack_compute_keypair_v2.demo-keypair",
            "openstack_networking_network_v2.demo-network",
            "openstack_networking_secgroup_v2.demo-secgroup",
            "openstack_networking_subnet_v2.demo-subnet"
          ]
        }
      ]
    },
    {
      "mode": "managed",
      "type": "openstack_compute_instance_v2",
      "name": "demo-k8scomputeworker",
      "provider": "provider[\"registry.terraform.io/terraform-provider-openstack/openstack\"]",
      "instances": [
        {
          "index_key": 0,
          "schema_version": 0,
          "attributes": {
            "access_ip_v4": "192.168.216.241",
            "access_ip_v6": "",
            "admin_pass": null,
            "all_metadata": {
              "User": "jaideep.joshi"
            },
            "all_tags": [],
            "availability_zone": "nova",
            "availability_zone_hints": null,
            "block_device": [
              {
                "boot_index": 0,
                "delete_on_termination": true,
                "destination_type": "volume",
                "device_type": "",
                "disk_bus": "",
                "guest_format": "",
                "source_type": "volume",
                "uuid": "c02467e5-3d88-4451-855b-ee08830c7bea",
                "volume_size": 0,
                "volume_type": ""
              },
              {
                "boot_index": 1,
                "delete_on_termination": true,
                "destination_type": "volume",
                "device_type": "",
                "disk_bus": "",
                "guest_format": "",
                "source_type": "volume",
                "uuid": "51b77388-4869-4dd8-b801-797dbd3451b1",
                "volume_size": 0,
                "volume_type": ""
              }
            ],
            "config_drive": null,
            "flavor_id": "7048aa88-72d7-4fc7-986d-1a436f56a20e",
            "flavor_name": "c1.8xlarge",
            "floating_ip": null,
            "force_delete": false,
            "id": "13b68eb2-4e03-4847-b84f-8216caa4a98c",
            "image_id": "Attempt to boot from volume - no image supplied",
            "image_name": null,
            "key_pair": "jai-ecp-demo-keypair",
            "metadata": {
              "User": "jaideep.joshi"
            },
            "name": "jai-ecp-demo-k8scomputeworker-1",
            "network": [
              {
                "access_network": false,
                "fixed_ip_v4": "192.168.216.241",
                "fixed_ip_v6": "",
                "floating_ip": "",
                "mac": "fa:16:3e:5d:b5:a9",
                "name": "jai-ecp-demo-vpc",
                "port": "",
                "uuid": "0c25df3c-6dce-4f1d-b686-bde075167225"
              }
            ],
            "network_mode": null,
            "personality": [],
            "power_state": "active",
            "region": "us-east-1",
            "scheduler_hints": [],
            "security_groups": [
              "jai-ecp-demo-secgroup"
            ],
            "stop_before_destroy": false,
            "tags": null,
            "timeouts": null,
            "user_data": "6cb4b43c300ab8a628df1c818787a001df041766",
            "vendor_options": [],
            "volume": []
          },
          "sensitive_attributes": [],
          "private": "eyJlMmJmYjczMC1lY2FhLTExZTYtOGY4OC0zNDM2M2JjN2M0YzAiOnsiY3JlYXRlIjoxODAwMDAwMDAwMDAwLCJkZWxldGUiOjE4MDAwMDAwMDAwMDAsInVwZGF0ZSI6MTgwMDAwMDAwMDAwMH19",
          "dependencies": [
            "data.template_file.cloud-config-master",
            "openstack_blockstorage_volume_v3.demo-k8scomputeworker-sda",
            "openstack_blockstorage_volume_v3.demo-k8scomputeworker-sdb",
            "openstack_compute_keypair_v2.demo-keypair",
            "openstack_networking_network_v2.demo-network",
            "openstack_networking_secgroup_v2.demo-secgroup",
            "openstack_networking_subnet_v2.demo-subnet"
          ]
        },
        {
          "index_key": 1,
          "schema_version": 0,
          "attributes": {
            "access_ip_v4": "192.168.216.95",
            "access_ip_v6": "",
            "admin_pass": null,
            "all_metadata": {
              "User": "jaideep.joshi"
            },
            "all_tags": [],
            "availability_zone": "nova",
            "availability_zone_hints": null,
            "block_device": [
              {
                "boot_index": 0,
                "delete_on_termination": true,
                "destination_type": "volume",
                "device_type": "",
                "disk_bus": "",
                "guest_format": "",
                "source_type": "volume",
                "uuid": "ad9ec56b-c439-4832-8dc4-7cce3b41ef7a",
                "volume_size": 0,
                "volume_type": ""
              },
              {
                "boot_index": 1,
                "delete_on_termination": true,
                "destination_type": "volume",
                "device_type": "",
                "disk_bus": "",
                "guest_format": "",
                "source_type": "volume",
                "uuid": "e2ce50e6-e772-4311-bada-957aecee640a",
                "volume_size": 0,
                "volume_type": ""
              }
            ],
            "config_drive": null,
            "flavor_id": "7048aa88-72d7-4fc7-986d-1a436f56a20e",
            "flavor_name": "c1.8xlarge",
            "floating_ip": null,
            "force_delete": false,
            "id": "670e5c5f-ef35-4889-a5d3-a293c70b0c55",
            "image_id": "Attempt to boot from volume - no image supplied",
            "image_name": null,
            "key_pair": "jai-ecp-demo-keypair",
            "metadata": {
              "User": "jaideep.joshi"
            },
            "name": "jai-ecp-demo-k8scomputeworker-2",
            "network": [
              {
                "access_network": false,
                "fixed_ip_v4": "192.168.216.95",
                "fixed_ip_v6": "",
                "floating_ip": "",
                "mac": "fa:16:3e:64:b1:ae",
                "name": "jai-ecp-demo-vpc",
                "port": "",
                "uuid": "0c25df3c-6dce-4f1d-b686-bde075167225"
              }
            ],
            "network_mode": null,
            "personality": [],
            "power_state": "active",
            "region": "us-east-1",
            "scheduler_hints": [],
            "security_groups": [
              "jai-ecp-demo-secgroup"
            ],
            "stop_before_destroy": false,
            "tags": null,
            "timeouts": null,
            "user_data": "6cb4b43c300ab8a628df1c818787a001df041766",
            "vendor_options": [],
            "volume": []
          },
          "sensitive_attributes": [],
          "private": "eyJlMmJmYjczMC1lY2FhLTExZTYtOGY4OC0zNDM2M2JjN2M0YzAiOnsiY3JlYXRlIjoxODAwMDAwMDAwMDAwLCJkZWxldGUiOjE4MDAwMDAwMDAwMDAsInVwZGF0ZSI6MTgwMDAwMDAwMDAwMH19",
          "dependencies": [
            "data.template_file.cloud-config-master",
            "openstack_blockstorage_volume_v3.demo-k8scomputeworker-sda",
            "openstack_blockstorage_volume_v3.demo-k8scomputeworker-sdb",
            "openstack_compute_keypair_v2.demo-keypair",
            "openstack_networking_network_v2.demo-network",
            "openstack_networking_secgroup_v2.demo-secgroup",
            "openstack_networking_subnet_v2.demo-subnet"
          ]
        },
        {
          "index_key": 2,
          "schema_version": 0,
          "attributes": {
            "access_ip_v4": "192.168.216.29",
            "access_ip_v6": "",
            "admin_pass": null,
            "all_metadata": {
              "User": "jaideep.joshi"
            },
            "all_tags": [],
            "availability_zone": "nova",
            "availability_zone_hints": null,
            "block_device": [
              {
                "boot_index": 0,
                "delete_on_termination": true,
                "destination_type": "volume",
                "device_type": "",
                "disk_bus": "",
                "guest_format": "",
                "source_type": "volume",
                "uuid": "1002ab88-6915-407a-99fa-edc9cc2cde4d",
                "volume_size": 0,
                "volume_type": ""
              },
              {
                "boot_index": 1,
                "delete_on_termination": true,
                "destination_type": "volume",
                "device_type": "",
                "disk_bus": "",
                "guest_format": "",
                "source_type": "volume",
                "uuid": "be5415c0-e170-4079-82a7-641178ccfa37",
                "volume_size": 0,
                "volume_type": ""
              }
            ],
            "config_drive": null,
            "flavor_id": "7048aa88-72d7-4fc7-986d-1a436f56a20e",
            "flavor_name": "c1.8xlarge",
            "floating_ip": null,
            "force_delete": false,
            "id": "5089fdec-f00d-4cd1-b18c-72f39f8d28a0",
            "image_id": "Attempt to boot from volume - no image supplied",
            "image_name": null,
            "key_pair": "jai-ecp-demo-keypair",
            "metadata": {
              "User": "jaideep.joshi"
            },
            "name": "jai-ecp-demo-k8scomputeworker-3",
            "network": [
              {
                "access_network": false,
                "fixed_ip_v4": "192.168.216.29",
                "fixed_ip_v6": "",
                "floating_ip": "",
                "mac": "fa:16:3e:4c:71:74",
                "name": "jai-ecp-demo-vpc",
                "port": "",
                "uuid": "0c25df3c-6dce-4f1d-b686-bde075167225"
              }
            ],
            "network_mode": null,
            "personality": [],
            "power_state": "active",
            "region": "us-east-1",
            "scheduler_hints": [],
            "security_groups": [
              "jai-ecp-demo-secgroup"
            ],
            "stop_before_destroy": false,
            "tags": null,
            "timeouts": null,
            "user_data": "6cb4b43c300ab8a628df1c818787a001df041766",
            "vendor_options": [],
            "volume": []
          },
          "sensitive_attributes": [],
          "private": "eyJlMmJmYjczMC1lY2FhLTExZTYtOGY4OC0zNDM2M2JjN2M0YzAiOnsiY3JlYXRlIjoxODAwMDAwMDAwMDAwLCJkZWxldGUiOjE4MDAwMDAwMDAwMDAsInVwZGF0ZSI6MTgwMDAwMDAwMDAwMH19",
          "dependencies": [
            "data.template_file.cloud-config-master",
            "openstack_blockstorage_volume_v3.demo-k8scomputeworker-sda",
            "openstack_blockstorage_volume_v3.demo-k8scomputeworker-sdb",
            "openstack_compute_keypair_v2.demo-keypair",
            "openstack_networking_network_v2.demo-network",
            "openstack_networking_secgroup_v2.demo-secgroup",
            "openstack_networking_subnet_v2.demo-subnet"
          ]
        }
      ]
    },
    {
      "mode": "managed",
      "type": "openstack_compute_instance_v2",
      "name": "demo-k8sdfcomputemaster",
      "provider": "provider[\"registry.terraform.io/terraform-provider-openstack/openstack\"]",
      "instances": [
        {
          "index_key": 0,
          "schema_version": 0,
          "attributes": {
            "access_ip_v4": "192.168.216.100",
            "access_ip_v6": "",
            "admin_pass": null,
            "all_metadata": {
              "User": "jaideep.joshi"
            },
            "all_tags": [],
            "availability_zone": "nova",
            "availability_zone_hints": null,
            "block_device": [
              {
                "boot_index": 0,
                "delete_on_termination": true,
                "destination_type": "volume",
                "device_type": "",
                "disk_bus": "",
                "guest_format": "",
                "source_type": "volume",
                "uuid": "f8d44646-a8ae-4524-85fe-ccd0b35aa0cd",
                "volume_size": 0,
                "volume_type": ""
              },
              {
                "boot_index": 1,
                "delete_on_termination": true,
                "destination_type": "volume",
                "device_type": "",
                "disk_bus": "",
                "guest_format": "",
                "source_type": "volume",
                "uuid": "c0f99dc8-af3c-4978-906d-d8fe3c30796c",
                "volume_size": 0,
                "volume_type": ""
              }
            ],
            "config_drive": null,
            "flavor_id": "6c351f96-363f-4588-bf88-7edde0ea938b",
            "flavor_name": "m1.xlarge",
            "floating_ip": null,
            "force_delete": false,
            "id": "f844c13d-8773-423f-8819-fe77c2244789",
            "image_id": "Attempt to boot from volume - no image supplied",
            "image_name": null,
            "key_pair": "jai-ecp-demo-keypair",
            "metadata": {
              "User": "jaideep.joshi"
            },
            "name": "jai-ecp-demo-k8sdfcomputemaster-1",
            "network": [
              {
                "access_network": false,
                "fixed_ip_v4": "192.168.216.100",
                "fixed_ip_v6": "",
                "floating_ip": "",
                "mac": "fa:16:3e:4e:a9:bb",
                "name": "jai-ecp-demo-vpc",
                "port": "",
                "uuid": "0c25df3c-6dce-4f1d-b686-bde075167225"
              }
            ],
            "network_mode": null,
            "personality": [],
            "power_state": "active",
            "region": "us-east-1",
            "scheduler_hints": [],
            "security_groups": [
              "jai-ecp-demo-secgroup"
            ],
            "stop_before_destroy": false,
            "tags": null,
            "timeouts": null,
            "user_data": "6cb4b43c300ab8a628df1c818787a001df041766",
            "vendor_options": [],
            "volume": []
          },
          "sensitive_attributes": [],
          "private": "eyJlMmJmYjczMC1lY2FhLTExZTYtOGY4OC0zNDM2M2JjN2M0YzAiOnsiY3JlYXRlIjoxODAwMDAwMDAwMDAwLCJkZWxldGUiOjE4MDAwMDAwMDAwMDAsInVwZGF0ZSI6MTgwMDAwMDAwMDAwMH19",
          "dependencies": [
            "data.template_file.cloud-config-master",
            "openstack_blockstorage_volume_v3.demo-k8sdfcomputemaster-sda",
            "openstack_blockstorage_volume_v3.demo-k8sdfcomputemaster-sdb",
            "openstack_compute_keypair_v2.demo-keypair",
            "openstack_networking_network_v2.demo-network",
            "openstack_networking_secgroup_v2.demo-secgroup",
            "openstack_networking_subnet_v2.demo-subnet"
          ]
        },
        {
          "index_key": 1,
          "schema_version": 0,
          "attributes": {
            "access_ip_v4": "192.168.216.66",
            "access_ip_v6": "",
            "admin_pass": null,
            "all_metadata": {
              "User": "jaideep.joshi"
            },
            "all_tags": [],
            "availability_zone": "nova",
            "availability_zone_hints": null,
            "block_device": [
              {
                "boot_index": 0,
                "delete_on_termination": true,
                "destination_type": "volume",
                "device_type": "",
                "disk_bus": "",
                "guest_format": "",
                "source_type": "volume",
                "uuid": "db5b6327-0938-4131-ad01-6859d77c94f2",
                "volume_size": 0,
                "volume_type": ""
              },
              {
                "boot_index": 1,
                "delete_on_termination": true,
                "destination_type": "volume",
                "device_type": "",
                "disk_bus": "",
                "guest_format": "",
                "source_type": "volume",
                "uuid": "56adb234-2672-4f52-86b1-2c3121a821fc",
                "volume_size": 0,
                "volume_type": ""
              }
            ],
            "config_drive": null,
            "flavor_id": "6c351f96-363f-4588-bf88-7edde0ea938b",
            "flavor_name": "m1.xlarge",
            "floating_ip": null,
            "force_delete": false,
            "id": "954b4f4e-0c10-4c61-8cad-2ead8f432c32",
            "image_id": "Attempt to boot from volume - no image supplied",
            "image_name": null,
            "key_pair": "jai-ecp-demo-keypair",
            "metadata": {
              "User": "jaideep.joshi"
            },
            "name": "jai-ecp-demo-k8sdfcomputemaster-2",
            "network": [
              {
                "access_network": false,
                "fixed_ip_v4": "192.168.216.66",
                "fixed_ip_v6": "",
                "floating_ip": "",
                "mac": "fa:16:3e:7c:34:d6",
                "name": "jai-ecp-demo-vpc",
                "port": "",
                "uuid": "0c25df3c-6dce-4f1d-b686-bde075167225"
              }
            ],
            "network_mode": null,
            "personality": [],
            "power_state": "active",
            "region": "us-east-1",
            "scheduler_hints": [],
            "security_groups": [
              "jai-ecp-demo-secgroup"
            ],
            "stop_before_destroy": false,
            "tags": null,
            "timeouts": null,
            "user_data": "6cb4b43c300ab8a628df1c818787a001df041766",
            "vendor_options": [],
            "volume": []
          },
          "sensitive_attributes": [],
          "private": "eyJlMmJmYjczMC1lY2FhLTExZTYtOGY4OC0zNDM2M2JjN2M0YzAiOnsiY3JlYXRlIjoxODAwMDAwMDAwMDAwLCJkZWxldGUiOjE4MDAwMDAwMDAwMDAsInVwZGF0ZSI6MTgwMDAwMDAwMDAwMH19",
          "dependencies": [
            "data.template_file.cloud-config-master",
            "openstack_blockstorage_volume_v3.demo-k8sdfcomputemaster-sda",
            "openstack_blockstorage_volume_v3.demo-k8sdfcomputemaster-sdb",
            "openstack_compute_keypair_v2.demo-keypair",
            "openstack_networking_network_v2.demo-network",
            "openstack_networking_secgroup_v2.demo-secgroup",
            "openstack_networking_subnet_v2.demo-subnet"
          ]
        },
        {
          "index_key": 2,
          "schema_version": 0,
          "attributes": {
            "access_ip_v4": "192.168.216.198",
            "access_ip_v6": "",
            "admin_pass": null,
            "all_metadata": {
              "User": "jaideep.joshi"
            },
            "all_tags": [],
            "availability_zone": "nova",
            "availability_zone_hints": null,
            "block_device": [
              {
                "boot_index": 0,
                "delete_on_termination": true,
                "destination_type": "volume",
                "device_type": "",
                "disk_bus": "",
                "guest_format": "",
                "source_type": "volume",
                "uuid": "8607e106-9bb0-42f0-87ea-804297812801",
                "volume_size": 0,
                "volume_type": ""
              },
              {
                "boot_index": 1,
                "delete_on_termination": true,
                "destination_type": "volume",
                "device_type": "",
                "disk_bus": "",
                "guest_format": "",
                "source_type": "volume",
                "uuid": "fe73c5a0-7dfd-47fe-a761-58d79b002965",
                "volume_size": 0,
                "volume_type": ""
              }
            ],
            "config_drive": null,
            "flavor_id": "6c351f96-363f-4588-bf88-7edde0ea938b",
            "flavor_name": "m1.xlarge",
            "floating_ip": null,
            "force_delete": false,
            "id": "df5999b2-1834-4168-a15e-9a9297e508f6",
            "image_id": "Attempt to boot from volume - no image supplied",
            "image_name": null,
            "key_pair": "jai-ecp-demo-keypair",
            "metadata": {
              "User": "jaideep.joshi"
            },
            "name": "jai-ecp-demo-k8sdfcomputemaster-3",
            "network": [
              {
                "access_network": false,
                "fixed_ip_v4": "192.168.216.198",
                "fixed_ip_v6": "",
                "floating_ip": "",
                "mac": "fa:16:3e:ce:5d:7c",
                "name": "jai-ecp-demo-vpc",
                "port": "",
                "uuid": "0c25df3c-6dce-4f1d-b686-bde075167225"
              }
            ],
            "network_mode": null,
            "personality": [],
            "power_state": "active",
            "region": "us-east-1",
            "scheduler_hints": [],
            "security_groups": [
              "jai-ecp-demo-secgroup"
            ],
            "stop_before_destroy": false,
            "tags": null,
            "timeouts": null,
            "user_data": "6cb4b43c300ab8a628df1c818787a001df041766",
            "vendor_options": [],
            "volume": []
          },
          "sensitive_attributes": [],
          "private": "eyJlMmJmYjczMC1lY2FhLTExZTYtOGY4OC0zNDM2M2JjN2M0YzAiOnsiY3JlYXRlIjoxODAwMDAwMDAwMDAwLCJkZWxldGUiOjE4MDAwMDAwMDAwMDAsInVwZGF0ZSI6MTgwMDAwMDAwMDAwMH19",
          "dependencies": [
            "data.template_file.cloud-config-master",
            "openstack_blockstorage_volume_v3.demo-k8sdfcomputemaster-sda",
            "openstack_blockstorage_volume_v3.demo-k8sdfcomputemaster-sdb",
            "openstack_compute_keypair_v2.demo-keypair",
            "openstack_networking_network_v2.demo-network",
            "openstack_networking_secgroup_v2.demo-secgroup",
            "openstack_networking_subnet_v2.demo-subnet"
          ]
        }
      ]
    },
    {
      "mode": "managed",
      "type": "openstack_compute_instance_v2",
      "name": "demo-k8sdfworker",
      "provider": "provider[\"registry.terraform.io/terraform-provider-openstack/openstack\"]",
      "instances": [
        {
          "index_key": 0,
          "schema_version": 0,
          "attributes": {
            "access_ip_v4": "192.168.216.226",
            "access_ip_v6": "",
            "admin_pass": null,
            "all_metadata": {
              "User": "jaideep.joshi"
            },
            "all_tags": [],
            "availability_zone": "nova",
            "availability_zone_hints": null,
            "block_device": [
              {
                "boot_index": 0,
                "delete_on_termination": true,
                "destination_type": "volume",
                "device_type": "",
                "disk_bus": "",
                "guest_format": "",
                "source_type": "volume",
                "uuid": "f92f1097-2f40-4861-95f0-b4cd949d9bc7",
                "volume_size": 0,
                "volume_type": ""
              },
              {
                "boot_index": 1,
                "delete_on_termination": true,
                "destination_type": "volume",
                "device_type": "",
                "disk_bus": "",
                "guest_format": "",
                "source_type": "volume",
                "uuid": "667dbeb5-f1d1-49b6-acd8-c4bfa5da4ad6",
                "volume_size": 0,
                "volume_type": ""
              },
              {
                "boot_index": 2,
                "delete_on_termination": true,
                "destination_type": "volume",
                "device_type": "",
                "disk_bus": "",
                "guest_format": "",
                "source_type": "volume",
                "uuid": "c9810c2e-c98e-465e-a98f-3ecd0e3e3e62",
                "volume_size": 0,
                "volume_type": ""
              }
            ],
            "config_drive": null,
            "flavor_id": "7048aa88-72d7-4fc7-986d-1a436f56a20e",
            "flavor_name": "c1.8xlarge",
            "floating_ip": null,
            "force_delete": false,
            "id": "623ae6ad-133b-4525-8ee0-3aa8e4cded93",
            "image_id": "Attempt to boot from volume - no image supplied",
            "image_name": null,
            "key_pair": "jai-ecp-demo-keypair",
            "metadata": {
              "User": "jaideep.joshi"
            },
            "name": "jai-ecp-demo-k8sdfworker-1",
            "network": [
              {
                "access_network": false,
                "fixed_ip_v4": "192.168.216.226",
                "fixed_ip_v6": "",
                "floating_ip": "",
                "mac": "fa:16:3e:32:12:08",
                "name": "jai-ecp-demo-vpc",
                "port": "",
                "uuid": "0c25df3c-6dce-4f1d-b686-bde075167225"
              }
            ],
            "network_mode": null,
            "personality": [],
            "power_state": "active",
            "region": "us-east-1",
            "scheduler_hints": [],
            "security_groups": [
              "jai-ecp-demo-secgroup"
            ],
            "stop_before_destroy": false,
            "tags": null,
            "timeouts": null,
            "user_data": "6cb4b43c300ab8a628df1c818787a001df041766",
            "vendor_options": [],
            "volume": []
          },
          "sensitive_attributes": [],
          "private": "eyJlMmJmYjczMC1lY2FhLTExZTYtOGY4OC0zNDM2M2JjN2M0YzAiOnsiY3JlYXRlIjoxODAwMDAwMDAwMDAwLCJkZWxldGUiOjE4MDAwMDAwMDAwMDAsInVwZGF0ZSI6MTgwMDAwMDAwMDAwMH19",
          "dependencies": [
            "data.template_file.cloud-config-master",
            "openstack_blockstorage_volume_v3.demo-k8sdfworker-sda",
            "openstack_blockstorage_volume_v3.demo-k8sdfworker-sdb",
            "openstack_blockstorage_volume_v3.demo-k8sdfworker-sdc",
            "openstack_compute_keypair_v2.demo-keypair",
            "openstack_networking_network_v2.demo-network",
            "openstack_networking_secgroup_v2.demo-secgroup",
            "openstack_networking_subnet_v2.demo-subnet"
          ]
        },
        {
          "index_key": 1,
          "schema_version": 0,
          "attributes": {
            "access_ip_v4": "192.168.216.229",
            "access_ip_v6": "",
            "admin_pass": null,
            "all_metadata": {
              "User": "jaideep.joshi"
            },
            "all_tags": [],
            "availability_zone": "nova",
            "availability_zone_hints": null,
            "block_device": [
              {
                "boot_index": 0,
                "delete_on_termination": true,
                "destination_type": "volume",
                "device_type": "",
                "disk_bus": "",
                "guest_format": "",
                "source_type": "volume",
                "uuid": "a2072d4c-e734-4c5a-bb02-7cfd730ca51e",
                "volume_size": 0,
                "volume_type": ""
              },
              {
                "boot_index": 1,
                "delete_on_termination": true,
                "destination_type": "volume",
                "device_type": "",
                "disk_bus": "",
                "guest_format": "",
                "source_type": "volume",
                "uuid": "ebc41cd6-abea-45e8-a02f-06604bd793a2",
                "volume_size": 0,
                "volume_type": ""
              },
              {
                "boot_index": 2,
                "delete_on_termination": true,
                "destination_type": "volume",
                "device_type": "",
                "disk_bus": "",
                "guest_format": "",
                "source_type": "volume",
                "uuid": "e9176132-fe0b-43c9-bf11-31535c577874",
                "volume_size": 0,
                "volume_type": ""
              }
            ],
            "config_drive": null,
            "flavor_id": "7048aa88-72d7-4fc7-986d-1a436f56a20e",
            "flavor_name": "c1.8xlarge",
            "floating_ip": null,
            "force_delete": false,
            "id": "96ab17c2-addd-4c13-bd19-5976ff76f23c",
            "image_id": "Attempt to boot from volume - no image supplied",
            "image_name": null,
            "key_pair": "jai-ecp-demo-keypair",
            "metadata": {
              "User": "jaideep.joshi"
            },
            "name": "jai-ecp-demo-k8sdfworker-2",
            "network": [
              {
                "access_network": false,
                "fixed_ip_v4": "192.168.216.229",
                "fixed_ip_v6": "",
                "floating_ip": "",
                "mac": "fa:16:3e:f4:98:12",
                "name": "jai-ecp-demo-vpc",
                "port": "",
                "uuid": "0c25df3c-6dce-4f1d-b686-bde075167225"
              }
            ],
            "network_mode": null,
            "personality": [],
            "power_state": "active",
            "region": "us-east-1",
            "scheduler_hints": [],
            "security_groups": [
              "jai-ecp-demo-secgroup"
            ],
            "stop_before_destroy": false,
            "tags": null,
            "timeouts": null,
            "user_data": "6cb4b43c300ab8a628df1c818787a001df041766",
            "vendor_options": [],
            "volume": []
          },
          "sensitive_attributes": [],
          "private": "eyJlMmJmYjczMC1lY2FhLTExZTYtOGY4OC0zNDM2M2JjN2M0YzAiOnsiY3JlYXRlIjoxODAwMDAwMDAwMDAwLCJkZWxldGUiOjE4MDAwMDAwMDAwMDAsInVwZGF0ZSI6MTgwMDAwMDAwMDAwMH19",
          "dependencies": [
            "data.template_file.cloud-config-master",
            "openstack_blockstorage_volume_v3.demo-k8sdfworker-sda",
            "openstack_blockstorage_volume_v3.demo-k8sdfworker-sdb",
            "openstack_blockstorage_volume_v3.demo-k8sdfworker-sdc",
            "openstack_compute_keypair_v2.demo-keypair",
            "openstack_networking_network_v2.demo-network",
            "openstack_networking_secgroup_v2.demo-secgroup",
            "openstack_networking_subnet_v2.demo-subnet"
          ]
        },
        {
          "index_key": 2,
          "schema_version": 0,
          "attributes": {
            "access_ip_v4": "192.168.216.199",
            "access_ip_v6": "",
            "admin_pass": null,
            "all_metadata": {
              "User": "jaideep.joshi"
            },
            "all_tags": [],
            "availability_zone": "nova",
            "availability_zone_hints": null,
            "block_device": [
              {
                "boot_index": 0,
                "delete_on_termination": true,
                "destination_type": "volume",
                "device_type": "",
                "disk_bus": "",
                "guest_format": "",
                "source_type": "volume",
                "uuid": "f720d1a4-0860-4eb0-b4be-83db51897069",
                "volume_size": 0,
                "volume_type": ""
              },
              {
                "boot_index": 1,
                "delete_on_termination": true,
                "destination_type": "volume",
                "device_type": "",
                "disk_bus": "",
                "guest_format": "",
                "source_type": "volume",
                "uuid": "d07b122f-8bf7-42a9-b4c7-29693f2ce48e",
                "volume_size": 0,
                "volume_type": ""
              },
              {
                "boot_index": 2,
                "delete_on_termination": true,
                "destination_type": "volume",
                "device_type": "",
                "disk_bus": "",
                "guest_format": "",
                "source_type": "volume",
                "uuid": "d9ac3894-40e4-442e-8d14-b5dfa5117aa4",
                "volume_size": 0,
                "volume_type": ""
              }
            ],
            "config_drive": null,
            "flavor_id": "7048aa88-72d7-4fc7-986d-1a436f56a20e",
            "flavor_name": "c1.8xlarge",
            "floating_ip": null,
            "force_delete": false,
            "id": "ad0bf7ce-022e-4a92-ad00-b52872717395",
            "image_id": "Attempt to boot from volume - no image supplied",
            "image_name": null,
            "key_pair": "jai-ecp-demo-keypair",
            "metadata": {
              "User": "jaideep.joshi"
            },
            "name": "jai-ecp-demo-k8sdfworker-3",
            "network": [
              {
                "access_network": false,
                "fixed_ip_v4": "192.168.216.199",
                "fixed_ip_v6": "",
                "floating_ip": "",
                "mac": "fa:16:3e:da:f0:8a",
                "name": "jai-ecp-demo-vpc",
                "port": "",
                "uuid": "0c25df3c-6dce-4f1d-b686-bde075167225"
              }
            ],
            "network_mode": null,
            "personality": [],
            "power_state": "active",
            "region": "us-east-1",
            "scheduler_hints": [],
            "security_groups": [
              "jai-ecp-demo-secgroup"
            ],
            "stop_before_destroy": false,
            "tags": null,
            "timeouts": null,
            "user_data": "6cb4b43c300ab8a628df1c818787a001df041766",
            "vendor_options": [],
            "volume": []
          },
          "sensitive_attributes": [],
          "private": "eyJlMmJmYjczMC1lY2FhLTExZTYtOGY4OC0zNDM2M2JjN2M0YzAiOnsiY3JlYXRlIjoxODAwMDAwMDAwMDAwLCJkZWxldGUiOjE4MDAwMDAwMDAwMDAsInVwZGF0ZSI6MTgwMDAwMDAwMDAwMH19",
          "dependencies": [
            "data.template_file.cloud-config-master",
            "openstack_blockstorage_volume_v3.demo-k8sdfworker-sda",
            "openstack_blockstorage_volume_v3.demo-k8sdfworker-sdb",
            "openstack_blockstorage_volume_v3.demo-k8sdfworker-sdc",
            "openstack_compute_keypair_v2.demo-keypair",
            "openstack_networking_network_v2.demo-network",
            "openstack_networking_secgroup_v2.demo-secgroup",
            "openstack_networking_subnet_v2.demo-subnet"
          ]
        }
      ]
    },
    {
      "mode": "managed",
      "type": "openstack_compute_instance_v2",
      "name": "demo-vpnserver",
      "provider": "provider[\"registry.terraform.io/terraform-provider-openstack/openstack\"]",
      "instances": [
        {
          "index_key": 0,
          "schema_version": 0,
          "attributes": {
            "access_ip_v4": "192.168.216.203",
            "access_ip_v6": "",
            "admin_pass": null,
            "all_metadata": {
              "User": "jaideep.joshi"
            },
            "all_tags": [],
            "availability_zone": "nova",
            "availability_zone_hints": null,
            "block_device": [
              {
                "boot_index": 0,
                "delete_on_termination": true,
                "destination_type": "volume",
                "device_type": "",
                "disk_bus": "",
                "guest_format": "",
                "source_type": "volume",
                "uuid": "8b5c9057-5526-4a74-a977-73d23577fb01",
                "volume_size": 0,
                "volume_type": ""
              }
            ],
            "config_drive": null,
            "flavor_id": "cd079ae6-daef-4ff3-99cb-cafd3ca4226e",
            "flavor_name": "t1.small",
            "floating_ip": null,
            "force_delete": false,
            "id": "8db87317-dfa6-43cc-ba3e-8755a3706121",
            "image_id": "Attempt to boot from volume - no image supplied",
            "image_name": null,
            "key_pair": "jai-ecp-demo-keypair",
            "metadata": {
              "User": "jaideep.joshi"
            },
            "name": "jai-ecp-demo-vpnserver",
            "network": [
              {
                "access_network": false,
                "fixed_ip_v4": "192.168.216.203",
                "fixed_ip_v6": "",
                "floating_ip": "",
                "mac": "fa:16:3e:5b:0d:22",
                "name": "jai-ecp-demo-vpc",
                "port": "",
                "uuid": "0c25df3c-6dce-4f1d-b686-bde075167225"
              }
            ],
            "network_mode": null,
            "personality": [],
            "power_state": "active",
            "region": "us-east-1",
            "scheduler_hints": [],
            "security_groups": [
              "jai-ecp-demo-secgroup"
            ],
            "stop_before_destroy": false,
            "tags": null,
            "timeouts": null,
            "user_data": null,
            "vendor_options": [],
            "volume": []
          },
          "sensitive_attributes": [],
          "private": "eyJlMmJmYjczMC1lY2FhLTExZTYtOGY4OC0zNDM2M2JjN2M0YzAiOnsiY3JlYXRlIjoxODAwMDAwMDAwMDAwLCJkZWxldGUiOjE4MDAwMDAwMDAwMDAsInVwZGF0ZSI6MTgwMDAwMDAwMDAwMH19",
          "dependencies": [
            "openstack_blockstorage_volume_v3.demo-vpnserver-sda",
            "openstack_compute_keypair_v2.demo-keypair",
            "openstack_networking_network_v2.demo-network",
            "openstack_networking_secgroup_v2.demo-secgroup"
          ]
        }
      ]
    },
    {
      "mode": "managed",
      "type": "openstack_compute_keypair_v2",
      "name": "demo-keypair",
      "provider": "provider[\"registry.terraform.io/terraform-provider-openstack/openstack\"]",
      "instances": [
        {
          "schema_version": 0,
          "attributes": {
            "fingerprint": "e5:bb:aa:c4:78:7d:2b:84:4d:16:eb:d3:24:b5:93:12",
            "id": "jai-ecp-demo-keypair",
            "name": "jai-ecp-demo-keypair",
            "private_key": "",
            "public_key": "ssh-rsa AAAAB3NzaC1yc2EAAAADAQABAAABgQC11H3wGDtehwiI/8CLlcMDGT18ll9JxoZDAVfPRufC2Rs1FlojVQ86NzELSrXrr0nu32BAjuLKYb9fpY9IJsiCIIrzpw6h/I/AamrbQpzIvkF3szwnGqUVa3E6kZC9i7FqynTHvcABVLrREwwdT91zCYRpE4+JC6FycRhQh+/A/nk8+GRUDV5lYaIap+q5Smzd1pw3S3x8rQjnzINsXhyGkE+9MPk5clm0rZX+uLSPtjw9UuKRPALctXLHZwDk/lVaaTEeNj6WC9SjeZwBbb3hUrP6MvRUkqD58HWBoDJhC2kr3uq1nWOyKZOA8wMYNkBCrHQ3Pv5NKOoSEgUzZBQ2XLrCnAP+KhfgjzAzUibVP0GEmC50M0iLdsmIrUCyOkW64vlWr3jvf///kLbMRewuKvdzbu1VxAEcRKICTNiWBGnj7rGV6n0XwnzNJgqDxb/+Tj0T660fuzHIcpYh5zDCn01kjv/ClW1xZfgeSaXN86CoIDmy68v2n47avdGCRcU= jaideepjoshi@Jaideeps-MacBook-Pro-2.local\n",
            "region": "us-east-1",
            "value_specs": null
          },
          "sensitive_attributes": [],
          "private": "bnVsbA=="
        }
      ]
    },
    {
      "mode": "managed",
      "type": "openstack_networking_floatingip_v2",
      "name": "demo-vpnserver-ip",
      "provider": "provider[\"registry.terraform.io/terraform-provider-openstack/openstack\"]",
      "instances": [
        {
          "schema_version": 0,
          "attributes": {
            "address": "70.42.46.38",
            "all_tags": [],
            "description": "",
            "dns_domain": "",
            "dns_name": "",
            "fixed_ip": "",
            "id": "4bf42907-7829-4c62-9655-d2d49ebea6c7",
            "pool": "external-floating-ips",
            "port_id": "",
            "region": "us-east-1",
            "subnet_id": null,
            "tags": null,
            "tenant_id": "733021daee244346a5b662f36b6c90e4",
            "timeouts": null,
            "value_specs": null
          },
          "sensitive_attributes": [],
          "private": "eyJlMmJmYjczMC1lY2FhLTExZTYtOGY4OC0zNDM2M2JjN2M0YzAiOnsiY3JlYXRlIjo2MDAwMDAwMDAwMDAsImRlbGV0ZSI6NjAwMDAwMDAwMDAwfX0="
        }
      ]
    },
    {
      "mode": "managed",
      "type": "openstack_networking_network_v2",
      "name": "demo-network",
      "provider": "provider[\"registry.terraform.io/terraform-provider-openstack/openstack\"]",
      "instances": [
        {
          "schema_version": 0,
          "attributes": {
            "admin_state_up": true,
            "all_tags": [],
            "availability_zone_hints": [],
            "description": "",
            "dns_domain": "",
            "external": false,
            "id": "0c25df3c-6dce-4f1d-b686-bde075167225",
            "mtu": 8950,
            "name": "jai-ecp-demo-vpc",
            "port_security_enabled": true,
            "qos_policy_id": "",
            "region": "us-east-1",
            "segments": [],
            "shared": false,
            "tags": null,
            "tenant_id": "733021daee244346a5b662f36b6c90e4",
            "timeouts": null,
            "transparent_vlan": false,
            "value_specs": null
          },
          "sensitive_attributes": [],
          "private": "eyJlMmJmYjczMC1lY2FhLTExZTYtOGY4OC0zNDM2M2JjN2M0YzAiOnsiY3JlYXRlIjo2MDAwMDAwMDAwMDAsImRlbGV0ZSI6NjAwMDAwMDAwMDAwfX0="
        }
      ]
    },
    {
      "mode": "managed",
      "type": "openstack_networking_router_interface_v2",
      "name": "router_interface_1",
      "provider": "provider[\"registry.terraform.io/terraform-provider-openstack/openstack\"]",
      "instances": [
        {
          "schema_version": 0,
          "attributes": {
            "id": "abd24860-a919-458c-8a1d-94aee1b96ad2",
            "port_id": "abd24860-a919-458c-8a1d-94aee1b96ad2",
            "region": "us-east-1",
            "router_id": "86a6eb02-ed89-4ff7-83e1-466e3dc356f1",
            "subnet_id": "11dc3c70-a335-402c-8f45-ea4e5bc54b9c",
            "timeouts": null
          },
          "sensitive_attributes": [],
          "private": "eyJlMmJmYjczMC1lY2FhLTExZTYtOGY4OC0zNDM2M2JjN2M0YzAiOnsiY3JlYXRlIjo2MDAwMDAwMDAwMDAsImRlbGV0ZSI6NjAwMDAwMDAwMDAwfX0=",
          "dependencies": [
            "data.openstack_networking_network_v2.external_network",
            "openstack_networking_network_v2.demo-network",
            "openstack_networking_router_v2.demo-router",
            "openstack_networking_subnet_v2.demo-subnet"
          ]
        }
      ]
    },
    {
      "mode": "managed",
      "type": "openstack_networking_router_v2",
      "name": "demo-router",
      "provider": "provider[\"registry.terraform.io/terraform-provider-openstack/openstack\"]",
      "instances": [
        {
          "schema_version": 0,
          "attributes": {
            "admin_state_up": true,
            "all_tags": [],
            "availability_zone_hints": [],
            "description": "",
            "distributed": false,
            "enable_snat": true,
            "external_fixed_ip": [
              {
                "ip_address": "70.42.46.163",
                "subnet_id": "5ef0f3ff-55ff-4793-9ce6-659b21d9aa39"
              }
            ],
            "external_gateway": "b1d68e5d-1be9-4d04-a5fa-b5c63a1f84a3",
            "external_network_id": "b1d68e5d-1be9-4d04-a5fa-b5c63a1f84a3",
            "id": "86a6eb02-ed89-4ff7-83e1-466e3dc356f1",
            "name": "jai-ecp-demo-router",
            "region": "us-east-1",
            "tags": null,
            "tenant_id": "733021daee244346a5b662f36b6c90e4",
            "timeouts": null,
            "value_specs": null,
            "vendor_options": []
          },
          "sensitive_attributes": [],
          "private": "eyJlMmJmYjczMC1lY2FhLTExZTYtOGY4OC0zNDM2M2JjN2M0YzAiOnsiY3JlYXRlIjo2MDAwMDAwMDAwMDAsImRlbGV0ZSI6NjAwMDAwMDAwMDAwfX0=",
          "dependencies": [
            "data.openstack_networking_network_v2.external_network"
          ]
        }
      ]
    },
    {
      "mode": "managed",
      "type": "openstack_networking_secgroup_rule_v2",
      "name": "http",
      "provider": "provider[\"registry.terraform.io/terraform-provider-openstack/openstack\"]",
      "instances": [
        {
          "schema_version": 0,
          "attributes": {
            "description": "",
            "direction": "ingress",
            "ethertype": "IPv4",
            "id": "9bdb6546-e26d-4db8-a9c9-87cfec85949d",
            "port_range_max": 80,
            "port_range_min": 80,
            "protocol": "tcp",
            "region": "us-east-1",
            "remote_group_id": "",
            "remote_ip_prefix": "",
            "security_group_id": "e073ad37-1338-4c85-a0c4-d53e7e000799",
            "tenant_id": "733021daee244346a5b662f36b6c90e4",
            "timeouts": null
          },
          "sensitive_attributes": [],
          "private": "eyJlMmJmYjczMC1lY2FhLTExZTYtOGY4OC0zNDM2M2JjN2M0YzAiOnsiZGVsZXRlIjo2MDAwMDAwMDAwMDB9fQ==",
          "dependencies": [
            "openstack_networking_secgroup_v2.demo-secgroup"
          ]
        }
      ]
    },
    {
      "mode": "managed",
      "type": "openstack_networking_secgroup_rule_v2",
      "name": "https",
      "provider": "provider[\"registry.terraform.io/terraform-provider-openstack/openstack\"]",
      "instances": [
        {
          "schema_version": 0,
          "attributes": {
            "description": "",
            "direction": "ingress",
            "ethertype": "IPv4",
            "id": "e798c1ef-1fd5-4b11-8280-1878e925d77e",
            "port_range_max": 443,
            "port_range_min": 443,
            "protocol": "tcp",
            "region": "us-east-1",
            "remote_group_id": "",
            "remote_ip_prefix": "",
            "security_group_id": "e073ad37-1338-4c85-a0c4-d53e7e000799",
            "tenant_id": "733021daee244346a5b662f36b6c90e4",
            "timeouts": null
          },
          "sensitive_attributes": [],
          "private": "eyJlMmJmYjczMC1lY2FhLTExZTYtOGY4OC0zNDM2M2JjN2M0YzAiOnsiZGVsZXRlIjo2MDAwMDAwMDAwMDB9fQ==",
          "dependencies": [
            "openstack_networking_secgroup_v2.demo-secgroup"
          ]
        }
      ]
    },
    {
      "mode": "managed",
      "type": "openstack_networking_secgroup_rule_v2",
      "name": "icmp",
      "provider": "provider[\"registry.terraform.io/terraform-provider-openstack/openstack\"]",
      "instances": [
        {
          "schema_version": 0,
          "attributes": {
            "description": "",
            "direction": "ingress",
            "ethertype": "IPv4",
            "id": "ecaa68c6-f4b6-41be-a48a-1233732839d5",
            "port_range_max": 0,
            "port_range_min": 0,
            "protocol": "icmp",
            "region": "us-east-1",
            "remote_group_id": "",
            "remote_ip_prefix": "",
            "security_group_id": "e073ad37-1338-4c85-a0c4-d53e7e000799",
            "tenant_id": "733021daee244346a5b662f36b6c90e4",
            "timeouts": null
          },
          "sensitive_attributes": [],
          "private": "eyJlMmJmYjczMC1lY2FhLTExZTYtOGY4OC0zNDM2M2JjN2M0YzAiOnsiZGVsZXRlIjo2MDAwMDAwMDAwMDB9fQ==",
          "dependencies": [
            "openstack_networking_secgroup_v2.demo-secgroup"
          ]
        }
      ]
    },
    {
      "mode": "managed",
      "type": "openstack_networking_secgroup_rule_v2",
      "name": "same_secgroup_ingress_tcp",
      "provider": "provider[\"registry.terraform.io/terraform-provider-openstack/openstack\"]",
      "instances": [
        {
          "schema_version": 0,
          "attributes": {
            "description": "",
            "direction": "ingress",
            "ethertype": "IPv4",
            "id": "376a6c51-2c34-4b4d-be91-55797c66ddf7",
            "port_range_max": 0,
            "port_range_min": 0,
            "protocol": "tcp",
            "region": "us-east-1",
            "remote_group_id": "e073ad37-1338-4c85-a0c4-d53e7e000799",
            "remote_ip_prefix": "",
            "security_group_id": "e073ad37-1338-4c85-a0c4-d53e7e000799",
            "tenant_id": "733021daee244346a5b662f36b6c90e4",
            "timeouts": null
          },
          "sensitive_attributes": [],
          "private": "eyJlMmJmYjczMC1lY2FhLTExZTYtOGY4OC0zNDM2M2JjN2M0YzAiOnsiZGVsZXRlIjo2MDAwMDAwMDAwMDB9fQ==",
          "dependencies": [
            "openstack_networking_secgroup_v2.demo-secgroup"
          ]
        }
      ]
    },
    {
      "mode": "managed",
      "type": "openstack_networking_secgroup_rule_v2",
      "name": "same_secgroup_ingress_udp",
      "provider": "provider[\"registry.terraform.io/terraform-provider-openstack/openstack\"]",
      "instances": [
        {
          "schema_version": 0,
          "attributes": {
            "description": "",
            "direction": "ingress",
            "ethertype": "IPv4",
            "id": "797592d4-0f19-4b53-96ff-d37d5de21d9a",
            "port_range_max": 0,
            "port_range_min": 0,
            "protocol": "udp",
            "region": "us-east-1",
            "remote_group_id": "e073ad37-1338-4c85-a0c4-d53e7e000799",
            "remote_ip_prefix": "",
            "security_group_id": "e073ad37-1338-4c85-a0c4-d53e7e000799",
            "tenant_id": "733021daee244346a5b662f36b6c90e4",
            "timeouts": null
          },
          "sensitive_attributes": [],
          "private": "eyJlMmJmYjczMC1lY2FhLTExZTYtOGY4OC0zNDM2M2JjN2M0YzAiOnsiZGVsZXRlIjo2MDAwMDAwMDAwMDB9fQ==",
          "dependencies": [
            "openstack_networking_secgroup_v2.demo-secgroup"
          ]
        }
      ]
    },
    {
      "mode": "managed",
      "type": "openstack_networking_secgroup_rule_v2",
      "name": "ssh",
      "provider": "provider[\"registry.terraform.io/terraform-provider-openstack/openstack\"]",
      "instances": [
        {
          "schema_version": 0,
          "attributes": {
            "description": "",
            "direction": "ingress",
            "ethertype": "IPv4",
            "id": "258ce5a5-c2f5-4cae-aa1e-390e717d8ec2",
            "port_range_max": 22,
            "port_range_min": 22,
            "protocol": "tcp",
            "region": "us-east-1",
            "remote_group_id": "",
            "remote_ip_prefix": "",
            "security_group_id": "e073ad37-1338-4c85-a0c4-d53e7e000799",
            "tenant_id": "733021daee244346a5b662f36b6c90e4",
            "timeouts": null
          },
          "sensitive_attributes": [],
          "private": "eyJlMmJmYjczMC1lY2FhLTExZTYtOGY4OC0zNDM2M2JjN2M0YzAiOnsiZGVsZXRlIjo2MDAwMDAwMDAwMDB9fQ==",
          "dependencies": [
            "openstack_networking_secgroup_v2.demo-secgroup"
          ]
        }
      ]
    },
    {
      "mode": "managed",
      "type": "openstack_networking_secgroup_rule_v2",
      "name": "tcp",
      "provider": "provider[\"registry.terraform.io/terraform-provider-openstack/openstack\"]",
      "instances": [
        {
          "schema_version": 0,
          "attributes": {
            "description": "",
            "direction": "ingress",
            "ethertype": "IPv4",
            "id": "f7416611-8299-439c-b4c6-5e39e3383ad1",
            "port_range_max": 943,
            "port_range_min": 943,
            "protocol": "tcp",
            "region": "us-east-1",
            "remote_group_id": "",
            "remote_ip_prefix": "",
            "security_group_id": "e073ad37-1338-4c85-a0c4-d53e7e000799",
            "tenant_id": "733021daee244346a5b662f36b6c90e4",
            "timeouts": null
          },
          "sensitive_attributes": [],
          "private": "eyJlMmJmYjczMC1lY2FhLTExZTYtOGY4OC0zNDM2M2JjN2M0YzAiOnsiZGVsZXRlIjo2MDAwMDAwMDAwMDB9fQ==",
          "dependencies": [
            "openstack_networking_secgroup_v2.demo-secgroup"
          ]
        }
      ]
    },
    {
      "mode": "managed",
      "type": "openstack_networking_secgroup_rule_v2",
      "name": "udp",
      "provider": "provider[\"registry.terraform.io/terraform-provider-openstack/openstack\"]",
      "instances": [
        {
          "schema_version": 0,
          "attributes": {
            "description": "",
            "direction": "ingress",
            "ethertype": "IPv4",
            "id": "9deb4ac4-5479-4ef5-b734-d252614beec4",
            "port_range_max": 1194,
            "port_range_min": 1194,
            "protocol": "udp",
            "region": "us-east-1",
            "remote_group_id": "",
            "remote_ip_prefix": "",
            "security_group_id": "e073ad37-1338-4c85-a0c4-d53e7e000799",
            "tenant_id": "733021daee244346a5b662f36b6c90e4",
            "timeouts": null
          },
          "sensitive_attributes": [],
          "private": "eyJlMmJmYjczMC1lY2FhLTExZTYtOGY4OC0zNDM2M2JjN2M0YzAiOnsiZGVsZXRlIjo2MDAwMDAwMDAwMDB9fQ==",
          "dependencies": [
            "openstack_networking_secgroup_v2.demo-secgroup"
          ]
        }
      ]
    },
    {
      "mode": "managed",
      "type": "openstack_networking_secgroup_v2",
      "name": "demo-secgroup",
      "provider": "provider[\"registry.terraform.io/terraform-provider-openstack/openstack\"]",
      "instances": [
        {
          "schema_version": 0,
          "attributes": {
            "all_tags": [],
            "delete_default_rules": null,
            "description": "jai-ecp demo security group",
            "id": "e073ad37-1338-4c85-a0c4-d53e7e000799",
            "name": "jai-ecp-demo-secgroup",
            "region": "us-east-1",
            "tags": null,
            "tenant_id": "733021daee244346a5b662f36b6c90e4",
            "timeouts": null
          },
          "sensitive_attributes": [],
          "private": "eyJlMmJmYjczMC1lY2FhLTExZTYtOGY4OC0zNDM2M2JjN2M0YzAiOnsiZGVsZXRlIjo2MDAwMDAwMDAwMDB9fQ=="
        }
      ]
    },
    {
      "mode": "managed",
      "type": "openstack_networking_subnet_v2",
      "name": "demo-subnet",
      "provider": "provider[\"registry.terraform.io/terraform-provider-openstack/openstack\"]",
      "instances": [
        {
          "schema_version": 0,
          "attributes": {
            "all_tags": [],
            "allocation_pool": [
              {
                "end": "192.168.216.254",
                "start": "192.168.216.2"
              }
            ],
            "allocation_pools": [
              {
                "end": "192.168.216.254",
                "start": "192.168.216.2"
              }
            ],
            "cidr": "192.168.216.0/24",
            "description": "",
            "dns_nameservers": [
              "1.1.1.1",
              "1.0.0.1"
            ],
            "enable_dhcp": true,
            "gateway_ip": "192.168.216.1",
            "host_routes": [],
            "id": "11dc3c70-a335-402c-8f45-ea4e5bc54b9c",
            "ip_version": 4,
            "ipv6_address_mode": "",
            "ipv6_ra_mode": "",
            "name": "jai-ecp-demo-subnet",
            "network_id": "0c25df3c-6dce-4f1d-b686-bde075167225",
            "no_gateway": false,
            "prefix_length": null,
            "region": "us-east-1",
            "subnetpool_id": "",
            "tags": null,
            "tenant_id": "733021daee244346a5b662f36b6c90e4",
            "timeouts": null,
            "value_specs": null
          },
          "sensitive_attributes": [],
          "private": "eyJlMmJmYjczMC1lY2FhLTExZTYtOGY4OC0zNDM2M2JjN2M0YzAiOnsiY3JlYXRlIjo2MDAwMDAwMDAwMDAsImRlbGV0ZSI6NjAwMDAwMDAwMDAwfX0=",
          "dependencies": [
            "openstack_networking_network_v2.demo-network"
          ]
        }
      ]
    }
  ]
}
